{
  "version": 4,
  "terraform_version": "1.14.6",
  "serial": 620,
  "lineage": "22fee922-b846-fd4b-2965-54726ee56f22",
  "outputs": {},
  "resources": [
    {
      "module": "module.api-gateway-irland",
      "mode": "managed",
      "type": "aws_api_gateway_authorizer",
      "name": "cognito_auth",
      "provider": "provider[\"registry.terraform.io/hashicorp/aws\"].Ireland",
      "instances": [
        {
          "schema_version": 0,
          "attributes": {
            "arn": "arn:aws:apigateway:eu-west-1::/restapis/b70lux53qk/authorizers/smngkc",
            "authorizer_credentials": "",
            "authorizer_result_ttl_in_seconds": 300,
            "authorizer_uri": "",
            "id": "smngkc",
            "identity_source": "method.request.header.Authorization",
            "identity_validation_expression": "",
            "name": "CognitoAuthorizer",
            "provider_arns": [
              "arn:aws:cognito-idp:us-east-1:863435570010:userpool/us-east-1_UvFIIRp94"
            ],
            "rest_api_id": "b70lux53qk",
            "type": "COGNITO_USER_POOLS"
          },
          "sensitive_attributes": [],
          "identity_schema_version": 0,
          "private": "bnVsbA==",
          "dependencies": [
            "module.api-gateway-irland.aws_api_gateway_rest_api.MyDemoAPI",
            "module.cognito.aws_cognito_user.example",
            "module.cognito.aws_cognito_user_pool.example",
            "module.iam.aws_iam_role.ecs_execution_role",
            "module.iam.aws_iam_role.ecs_task_role",
            "module.iam.aws_iam_role.example",
            "module.iam.aws_iam_role_policy.ecs_sns_publish",
            "module.iam.aws_iam_role_policy_attachment.ecs_execution_role_policy",
            "module.iam.data.aws_iam_policy_document.assume_role",
            "module.lambda-irland.aws_lambda_function.dispatch",
            "module.lambda-irland.aws_lambda_function.greeter",
            "module.lambda-irland.data.archive_file.dispatcher",
            "module.lambda-irland.data.archive_file.greeter",
            "module.vpc-irland.aws_subnet.public_one",
            "module.vpc-irland.aws_vpc.main"
          ],
          "create_before_destroy": true
        }
      ]
    },
    {
      "module": "module.api-gateway-irland",
      "mode": "managed",
      "type": "aws_api_gateway_deployment",
      "name": "myDeployment",
      "provider": "provider[\"registry.terraform.io/hashicorp/aws\"].Ireland",
      "instances": [
        {
          "schema_version": 0,
          "attributes": {
            "canary_settings": [],
            "created_date": "2026-03-04T14:37:58Z",
            "description": "",
            "execution_arn": "arn:aws:execute-api:eu-west-1:863435570010:b70lux53qk/",
            "id": "stv2su",
            "invoke_url": "https://b70lux53qk.execute-api.eu-west-1.amazonaws.com/",
            "rest_api_id": "b70lux53qk",
            "stage_description": null,
            "stage_name": null,
            "triggers": {
              "redeployment": "2be88ca4242c76e8253ac62474851065032d6833"
            },
            "variables": null
          },
          "sensitive_attributes": [],
          "identity_schema_version": 0,
          "private": "bnVsbA==",
          "dependencies": [
            "module.api-gateway-irland.aws_api_gateway_authorizer.cognito_auth",
            "module.api-gateway-irland.aws_api_gateway_integration.dispatcher",
            "module.api-gateway-irland.aws_api_gateway_integration.greeter",
            "module.api-gateway-irland.aws_api_gateway_method.dispatcher",
            "module.api-gateway-irland.aws_api_gateway_method.protected_method",
            "module.api-gateway-irland.aws_api_gateway_resource.dispatch",
            "module.api-gateway-irland.aws_api_gateway_resource.greet",
            "module.api-gateway-irland.aws_api_gateway_rest_api.MyDemoAPI",
            "module.cognito.aws_cognito_user.example",
            "module.cognito.aws_cognito_user_pool.example",
            "module.iam.aws_iam_role.ecs_execution_role",
            "module.iam.aws_iam_role.ecs_task_role",
            "module.iam.aws_iam_role.example",
            "module.iam.aws_iam_role_policy.ecs_sns_publish",
            "module.iam.aws_iam_role_policy_attachment.ecs_execution_role_policy",
            "module.iam.data.aws_iam_policy_document.assume_role",
            "module.lambda-irland.aws_lambda_function.dispatch",
            "module.lambda-irland.aws_lambda_function.greeter",
            "module.lambda-irland.data.archive_file.dispatcher",
            "module.lambda-irland.data.archive_file.greeter",
            "module.vpc-irland.aws_subnet.public_one",
            "module.vpc-irland.aws_vpc.main"
          ],
          "create_before_destroy": true
        }
      ]
    },
    {
      "module": "module.api-gateway-irland",
      "mode": "managed",
      "type": "aws_api_gateway_integration",
      "name": "dispatcher",
      "provider": "provider[\"registry.terraform.io/hashicorp/aws\"].Ireland",
      "instances": [
        {
          "schema_version": 0,
          "attributes": {
            "cache_key_parameters": [],
            "cache_namespace": "xjlhzq",
            "connection_id": "",
            "connection_type": "INTERNET",
            "content_handling": "",
            "credentials": "",
            "http_method": "GET",
            "id": "agi-b70lux53qk-xjlhzq-GET",
            "integration_http_method": "GET",
            "passthrough_behavior": "WHEN_NO_MATCH",
            "request_parameters": {},
            "request_templates": {},
            "resource_id": "xjlhzq",
            "rest_api_id": "b70lux53qk",
            "timeout_milliseconds": 29000,
            "tls_config": [],
            "type": "AWS_PROXY",
            "uri": "arn:aws:apigateway:eu-west-1:lambda:path/2015-03-31/functions/arn:aws:lambda:eu-west-1:863435570010:function:dispatch/invocations"
          },
          "sensitive_attributes": [],
          "identity_schema_version": 0,
          "private": "bnVsbA==",
          "dependencies": [
            "module.api-gateway-irland.aws_api_gateway_authorizer.cognito_auth",
            "module.api-gateway-irland.aws_api_gateway_method.dispatcher",
            "module.api-gateway-irland.aws_api_gateway_resource.dispatch",
            "module.api-gateway-irland.aws_api_gateway_rest_api.MyDemoAPI",
            "module.cognito.aws_cognito_user.example",
            "module.cognito.aws_cognito_user_pool.example",
            "module.iam.aws_iam_role.ecs_execution_role",
            "module.iam.aws_iam_role.ecs_task_role",
            "module.iam.aws_iam_role.example",
            "module.iam.aws_iam_role_policy.ecs_sns_publish",
            "module.iam.aws_iam_role_policy_attachment.ecs_execution_role_policy",
            "module.iam.data.aws_iam_policy_document.assume_role",
            "module.lambda-irland.aws_lambda_function.dispatch",
            "module.lambda-irland.aws_lambda_function.greeter",
            "module.lambda-irland.data.archive_file.dispatcher",
            "module.lambda-irland.data.archive_file.greeter",
            "module.vpc-irland.aws_subnet.public_one",
            "module.vpc-irland.aws_vpc.main"
          ],
          "create_before_destroy": true
        }
      ]
    },
    {
      "module": "module.api-gateway-irland",
      "mode": "managed",
      "type": "aws_api_gateway_integration",
      "name": "greeter",
      "provider": "provider[\"registry.terraform.io/hashicorp/aws\"].Ireland",
      "instances": [
        {
          "schema_version": 0,
          "attributes": {
            "cache_key_parameters": [],
            "cache_namespace": "pdpzaj",
            "connection_id": "",
            "connection_type": "INTERNET",
            "content_handling": "",
            "credentials": "",
            "http_method": "GET",
            "id": "agi-b70lux53qk-pdpzaj-GET",
            "integration_http_method": "GET",
            "passthrough_behavior": "WHEN_NO_MATCH",
            "request_parameters": {},
            "request_templates": {},
            "resource_id": "pdpzaj",
            "rest_api_id": "b70lux53qk",
            "timeout_milliseconds": 29000,
            "tls_config": [],
            "type": "AWS_PROXY",
            "uri": "arn:aws:apigateway:eu-west-1:lambda:path/2015-03-31/functions/arn:aws:lambda:eu-west-1:863435570010:function:greeter/invocations"
          },
          "sensitive_attributes": [],
          "identity_schema_version": 0,
          "private": "bnVsbA==",
          "dependencies": [
            "module.api-gateway-irland.aws_api_gateway_authorizer.cognito_auth",
            "module.api-gateway-irland.aws_api_gateway_method.protected_method",
            "module.api-gateway-irland.aws_api_gateway_resource.greet",
            "module.api-gateway-irland.aws_api_gateway_rest_api.MyDemoAPI",
            "module.cognito.aws_cognito_user.example",
            "module.cognito.aws_cognito_user_pool.example",
            "module.iam.aws_iam_role.ecs_execution_role",
            "module.iam.aws_iam_role.ecs_task_role",
            "module.iam.aws_iam_role.example",
            "module.iam.aws_iam_role_policy.ecs_sns_publish",
            "module.iam.aws_iam_role_policy_attachment.ecs_execution_role_policy",
            "module.iam.data.aws_iam_policy_document.assume_role",
            "module.lambda-irland.aws_lambda_function.dispatch",
            "module.lambda-irland.aws_lambda_function.greeter",
            "module.lambda-irland.data.archive_file.dispatcher",
            "module.lambda-irland.data.archive_file.greeter",
            "module.vpc-irland.aws_subnet.public_one",
            "module.vpc-irland.aws_vpc.main"
          ],
          "create_before_destroy": true
        }
      ]
    },
    {
      "module": "module.api-gateway-irland",
      "mode": "managed",
      "type": "aws_api_gateway_method",
      "name": "dispatcher",
      "provider": "provider[\"registry.terraform.io/hashicorp/aws\"].Ireland",
      "instances": [
        {
          "schema_version": 0,
          "attributes": {
            "api_key_required": false,
            "authorization": "COGNITO_USER_POOLS",
            "authorization_scopes": [
              "myapp/read_data"
            ],
            "authorizer_id": "smngkc",
            "http_method": "GET",
            "id": "agm-b70lux53qk-xjlhzq-GET",
            "operation_name": "",
            "request_models": {},
            "request_parameters": {},
            "request_validator_id": "",
            "resource_id": "xjlhzq",
            "rest_api_id": "b70lux53qk"
          },
          "sensitive_attributes": [],
          "identity_schema_version": 0,
          "private": "bnVsbA==",
          "dependencies": [
            "module.api-gateway-irland.aws_api_gateway_authorizer.cognito_auth",
            "module.api-gateway-irland.aws_api_gateway_resource.dispatch",
            "module.api-gateway-irland.aws_api_gateway_rest_api.MyDemoAPI",
            "module.cognito.aws_cognito_user.example",
            "module.cognito.aws_cognito_user_pool.example",
            "module.iam.aws_iam_role.ecs_execution_role",
            "module.iam.aws_iam_role.ecs_task_role",
            "module.iam.aws_iam_role.example",
            "module.iam.aws_iam_role_policy.ecs_sns_publish",
            "module.iam.aws_iam_role_policy_attachment.ecs_execution_role_policy",
            "module.iam.data.aws_iam_policy_document.assume_role",
            "module.lambda-irland.aws_lambda_function.dispatch",
            "module.lambda-irland.aws_lambda_function.greeter",
            "module.lambda-irland.data.archive_file.dispatcher",
            "module.lambda-irland.data.archive_file.greeter",
            "module.vpc-irland.aws_subnet.public_one",
            "module.vpc-irland.aws_vpc.main"
          ],
          "create_before_destroy": true
        }
      ]
    },
    {
      "module": "module.api-gateway-irland",
      "mode": "managed",
      "type": "aws_api_gateway_method",
      "name": "protected_method",
      "provider": "provider[\"registry.terraform.io/hashicorp/aws\"].Ireland",
      "instances": [
        {
          "schema_version": 0,
          "attributes": {
            "api_key_required": false,
            "authorization": "COGNITO_USER_POOLS",
            "authorization_scopes": [
              "myapp/read_data"
            ],
            "authorizer_id": "smngkc",
            "http_method": "GET",
            "id": "agm-b70lux53qk-pdpzaj-GET",
            "operation_name": "",
            "request_models": {},
            "request_parameters": {},
            "request_validator_id": "",
            "resource_id": "pdpzaj",
            "rest_api_id": "b70lux53qk"
          },
          "sensitive_attributes": [],
          "identity_schema_version": 0,
          "private": "bnVsbA==",
          "dependencies": [
            "module.api-gateway-irland.aws_api_gateway_authorizer.cognito_auth",
            "module.api-gateway-irland.aws_api_gateway_resource.greet",
            "module.api-gateway-irland.aws_api_gateway_rest_api.MyDemoAPI",
            "module.cognito.aws_cognito_user.example",
            "module.cognito.aws_cognito_user_pool.example",
            "module.iam.aws_iam_role.ecs_execution_role",
            "module.iam.aws_iam_role.ecs_task_role",
            "module.iam.aws_iam_role.example",
            "module.iam.aws_iam_role_policy.ecs_sns_publish",
            "module.iam.aws_iam_role_policy_attachment.ecs_execution_role_policy",
            "module.iam.data.aws_iam_policy_document.assume_role",
            "module.lambda-irland.aws_lambda_function.dispatch",
            "module.lambda-irland.aws_lambda_function.greeter",
            "module.lambda-irland.data.archive_file.dispatcher",
            "module.lambda-irland.data.archive_file.greeter",
            "module.vpc-irland.aws_subnet.public_one",
            "module.vpc-irland.aws_vpc.main"
          ],
          "create_before_destroy": true
        }
      ]
    },
    {
      "module": "module.api-gateway-irland",
      "mode": "managed",
      "type": "aws_api_gateway_resource",
      "name": "dispatch",
      "provider": "provider[\"registry.terraform.io/hashicorp/aws\"].Ireland",
      "instances": [
        {
          "schema_version": 0,
          "attributes": {
            "id": "xjlhzq",
            "parent_id": "a6hkliy1ra",
            "path": "/dispatch",
            "path_part": "dispatch",
            "rest_api_id": "b70lux53qk"
          },
          "sensitive_attributes": [],
          "identity_schema_version": 0,
          "private": "bnVsbA==",
          "dependencies": [
            "module.api-gateway-irland.aws_api_gateway_rest_api.MyDemoAPI",
            "module.cognito.aws_cognito_user.example",
            "module.cognito.aws_cognito_user_pool.example",
            "module.iam.aws_iam_role.ecs_execution_role",
            "module.iam.aws_iam_role.ecs_task_role",
            "module.iam.aws_iam_role.example",
            "module.iam.aws_iam_role_policy.ecs_sns_publish",
            "module.iam.aws_iam_role_policy_attachment.ecs_execution_role_policy",
            "module.iam.data.aws_iam_policy_document.assume_role",
            "module.lambda-irland.aws_lambda_function.dispatch",
            "module.lambda-irland.aws_lambda_function.greeter",
            "module.lambda-irland.data.archive_file.dispatcher",
            "module.lambda-irland.data.archive_file.greeter",
            "module.vpc-irland.aws_subnet.public_one",
            "module.vpc-irland.aws_vpc.main"
          ],
          "create_before_destroy": true
        }
      ]
    },
    {
      "module": "module.api-gateway-irland",
      "mode": "managed",
      "type": "aws_api_gateway_resource",
      "name": "greet",
      "provider": "provider[\"registry.terraform.io/hashicorp/aws\"].Ireland",
      "instances": [
        {
          "schema_version": 0,
          "attributes": {
            "id": "pdpzaj",
            "parent_id": "a6hkliy1ra",
            "path": "/greet",
            "path_part": "greet",
            "rest_api_id": "b70lux53qk"
          },
          "sensitive_attributes": [],
          "identity_schema_version": 0,
          "private": "bnVsbA==",
          "dependencies": [
            "module.api-gateway-irland.aws_api_gateway_rest_api.MyDemoAPI",
            "module.cognito.aws_cognito_user.example",
            "module.cognito.aws_cognito_user_pool.example",
            "module.iam.aws_iam_role.ecs_execution_role",
            "module.iam.aws_iam_role.ecs_task_role",
            "module.iam.aws_iam_role.example",
            "module.iam.aws_iam_role_policy.ecs_sns_publish",
            "module.iam.aws_iam_role_policy_attachment.ecs_execution_role_policy",
            "module.iam.data.aws_iam_policy_document.assume_role",
            "module.lambda-irland.aws_lambda_function.dispatch",
            "module.lambda-irland.aws_lambda_function.greeter",
            "module.lambda-irland.data.archive_file.dispatcher",
            "module.lambda-irland.data.archive_file.greeter",
            "module.vpc-irland.aws_subnet.public_one",
            "module.vpc-irland.aws_vpc.main"
          ],
          "create_before_destroy": true
        }
      ]
    },
    {
      "module": "module.api-gateway-irland",
      "mode": "managed",
      "type": "aws_api_gateway_rest_api",
      "name": "MyDemoAPI",
      "provider": "provider[\"registry.terraform.io/hashicorp/aws\"].Ireland",
      "instances": [
        {
          "schema_version": 0,
          "attributes": {
            "api_key_source": "HEADER",
            "arn": "arn:aws:apigateway:eu-west-1::/restapis/b70lux53qk",
            "binary_media_types": [],
            "body": null,
            "created_date": "2026-03-04T14:37:56Z",
            "description": "This is my API for demonstration purposes",
            "disable_execute_api_endpoint": false,
            "endpoint_configuration": [
              {
                "ip_address_type": "ipv4",
                "types": [
                  "EDGE"
                ],
                "vpc_endpoint_ids": []
              }
            ],
            "execution_arn": "arn:aws:execute-api:eu-west-1:863435570010:b70lux53qk",
            "fail_on_warnings": null,
            "id": "b70lux53qk",
            "minimum_compression_size": "",
            "name": "MyDemoAPI",
            "parameters": null,
            "policy": "",
            "put_rest_api_mode": null,
            "root_resource_id": "a6hkliy1ra",
            "tags": {},
            "tags_all": {}
          },
          "sensitive_attributes": [],
          "identity_schema_version": 0,
          "private": "bnVsbA==",
          "dependencies": [
            "module.cognito.aws_cognito_user.example",
            "module.cognito.aws_cognito_user_pool.example",
            "module.iam.aws_iam_role.ecs_execution_role",
            "module.iam.aws_iam_role.ecs_task_role",
            "module.iam.aws_iam_role.example",
            "module.iam.aws_iam_role_policy.ecs_sns_publish",
            "module.iam.aws_iam_role_policy_attachment.ecs_execution_role_policy",
            "module.iam.data.aws_iam_policy_document.assume_role",
            "module.lambda-irland.aws_lambda_function.dispatch",
            "module.lambda-irland.aws_lambda_function.greeter",
            "module.lambda-irland.data.archive_file.dispatcher",
            "module.lambda-irland.data.archive_file.greeter",
            "module.vpc-irland.aws_subnet.public_one",
            "module.vpc-irland.aws_vpc.main"
          ],
          "create_before_destroy": true
        }
      ]
    },
    {
      "module": "module.api-gateway-irland",
      "mode": "managed",
      "type": "aws_api_gateway_stage",
      "name": "beta",
      "provider": "provider[\"registry.terraform.io/hashicorp/aws\"].Ireland",
      "instances": [
        {
          "schema_version": 0,
          "attributes": {
            "access_log_settings": [],
            "arn": "arn:aws:apigateway:eu-west-1::/restapis/b70lux53qk/stages/beta",
            "cache_cluster_enabled": false,
            "cache_cluster_size": "",
            "canary_settings": [],
            "client_certificate_id": "",
            "deployment_id": "stv2su",
            "description": "",
            "documentation_version": "",
            "execution_arn": "arn:aws:execute-api:eu-west-1:863435570010:b70lux53qk/beta",
            "id": "ags-b70lux53qk-beta",
            "invoke_url": "https://b70lux53qk.execute-api.eu-west-1.amazonaws.com/beta",
            "rest_api_id": "b70lux53qk",
            "stage_name": "beta",
            "tags": {},
            "tags_all": {},
            "variables": {},
            "web_acl_arn": "",
            "xray_tracing_enabled": false
          },
          "sensitive_attributes": [],
          "identity_schema_version": 0,
          "private": "bnVsbA==",
          "dependencies": [
            "module.api-gateway-irland.aws_api_gateway_authorizer.cognito_auth",
            "module.api-gateway-irland.aws_api_gateway_deployment.myDeployment",
            "module.api-gateway-irland.aws_api_gateway_integration.dispatcher",
            "module.api-gateway-irland.aws_api_gateway_integration.greeter",
            "module.api-gateway-irland.aws_api_gateway_method.dispatcher",
            "module.api-gateway-irland.aws_api_gateway_method.protected_method",
            "module.api-gateway-irland.aws_api_gateway_resource.dispatch",
            "module.api-gateway-irland.aws_api_gateway_resource.greet",
            "module.api-gateway-irland.aws_api_gateway_rest_api.MyDemoAPI",
            "module.cognito.aws_cognito_user.example",
            "module.cognito.aws_cognito_user_pool.example",
            "module.iam.aws_iam_role.ecs_execution_role",
            "module.iam.aws_iam_role.ecs_task_role",
            "module.iam.aws_iam_role.example",
            "module.iam.aws_iam_role_policy.ecs_sns_publish",
            "module.iam.aws_iam_role_policy_attachment.ecs_execution_role_policy",
            "module.iam.data.aws_iam_policy_document.assume_role",
            "module.lambda-irland.aws_lambda_function.dispatch",
            "module.lambda-irland.aws_lambda_function.greeter",
            "module.lambda-irland.data.archive_file.dispatcher",
            "module.lambda-irland.data.archive_file.greeter",
            "module.vpc-irland.aws_subnet.public_one",
            "module.vpc-irland.aws_vpc.main"
          ]
        }
      ]
    },
    {
      "module": "module.api-gateway-us",
      "mode": "managed",
      "type": "aws_api_gateway_authorizer",
      "name": "cognito_auth",
      "provider": "provider[\"registry.terraform.io/hashicorp/aws\"].US",
      "instances": [
        {
          "schema_version": 0,
          "attributes": {
            "arn": "arn:aws:apigateway:us-east-1::/restapis/3axkb4laq0/authorizers/p9baau",
            "authorizer_credentials": "",
            "authorizer_result_ttl_in_seconds": 300,
            "authorizer_uri": "",
            "id": "p9baau",
            "identity_source": "method.request.header.Authorization",
            "identity_validation_expression": "",
            "name": "CognitoAuthorizer",
            "provider_arns": [
              "arn:aws:cognito-idp:us-east-1:863435570010:userpool/us-east-1_UvFIIRp94"
            ],
            "rest_api_id": "3axkb4laq0",
            "type": "COGNITO_USER_POOLS"
          },
          "sensitive_attributes": [],
          "identity_schema_version": 0,
          "private": "bnVsbA==",
          "dependencies": [
            "module.api-gateway-us.aws_api_gateway_rest_api.MyDemoAPI",
            "module.cognito.aws_cognito_user.example",
            "module.cognito.aws_cognito_user_pool.example",
            "module.iam.aws_iam_role.ecs_execution_role",
            "module.iam.aws_iam_role.ecs_task_role",
            "module.iam.aws_iam_role.example",
            "module.iam.aws_iam_role_policy.ecs_sns_publish",
            "module.iam.aws_iam_role_policy_attachment.ecs_execution_role_policy",
            "module.iam.data.aws_iam_policy_document.assume_role",
            "module.lambda-us.aws_lambda_function.dispatch",
            "module.lambda-us.aws_lambda_function.greeter",
            "module.lambda-us.data.archive_file.dispatcher",
            "module.lambda-us.data.archive_file.greeter",
            "module.vpc-us.aws_subnet.public_one",
            "module.vpc-us.aws_vpc.main"
          ],
          "create_before_destroy": true
        }
      ]
    },
    {
      "module": "module.api-gateway-us",
      "mode": "managed",
      "type": "aws_api_gateway_deployment",
      "name": "myDeployment",
      "provider": "provider[\"registry.terraform.io/hashicorp/aws\"].US",
      "instances": [
        {
          "schema_version": 0,
          "attributes": {
            "canary_settings": [],
            "created_date": "2026-03-04T14:37:56Z",
            "description": "",
            "execution_arn": "arn:aws:execute-api:us-east-1:863435570010:3axkb4laq0/",
            "id": "mi8lff",
            "invoke_url": "https://3axkb4laq0.execute-api.us-east-1.amazonaws.com/",
            "rest_api_id": "3axkb4laq0",
            "stage_description": null,
            "stage_name": null,
            "triggers": {
              "redeployment": "2be88ca4242c76e8253ac62474851065032d6833"
            },
            "variables": null
          },
          "sensitive_attributes": [],
          "identity_schema_version": 0,
          "private": "bnVsbA==",
          "dependencies": [
            "module.api-gateway-us.aws_api_gateway_authorizer.cognito_auth",
            "module.api-gateway-us.aws_api_gateway_integration.dispatcher",
            "module.api-gateway-us.aws_api_gateway_integration.greeter",
            "module.api-gateway-us.aws_api_gateway_method.dispatcher",
            "module.api-gateway-us.aws_api_gateway_method.protected_method",
            "module.api-gateway-us.aws_api_gateway_resource.dispatch",
            "module.api-gateway-us.aws_api_gateway_resource.greet",
            "module.api-gateway-us.aws_api_gateway_rest_api.MyDemoAPI",
            "module.cognito.aws_cognito_user.example",
            "module.cognito.aws_cognito_user_pool.example",
            "module.iam.aws_iam_role.ecs_execution_role",
            "module.iam.aws_iam_role.ecs_task_role",
            "module.iam.aws_iam_role.example",
            "module.iam.aws_iam_role_policy.ecs_sns_publish",
            "module.iam.aws_iam_role_policy_attachment.ecs_execution_role_policy",
            "module.iam.data.aws_iam_policy_document.assume_role",
            "module.lambda-us.aws_lambda_function.dispatch",
            "module.lambda-us.aws_lambda_function.greeter",
            "module.lambda-us.data.archive_file.dispatcher",
            "module.lambda-us.data.archive_file.greeter",
            "module.vpc-us.aws_subnet.public_one",
            "module.vpc-us.aws_vpc.main"
          ],
          "create_before_destroy": true
        }
      ]
    },
    {
      "module": "module.api-gateway-us",
      "mode": "managed",
      "type": "aws_api_gateway_integration",
      "name": "dispatcher",
      "provider": "provider[\"registry.terraform.io/hashicorp/aws\"].US",
      "instances": [
        {
          "schema_version": 0,
          "attributes": {
            "cache_key_parameters": [],
            "cache_namespace": "hnmbbq",
            "connection_id": "",
            "connection_type": "INTERNET",
            "content_handling": "",
            "credentials": "",
            "http_method": "GET",
            "id": "agi-3axkb4laq0-hnmbbq-GET",
            "integration_http_method": "GET",
            "passthrough_behavior": "WHEN_NO_MATCH",
            "request_parameters": {},
            "request_templates": {},
            "resource_id": "hnmbbq",
            "rest_api_id": "3axkb4laq0",
            "timeout_milliseconds": 29000,
            "tls_config": [],
            "type": "AWS_PROXY",
            "uri": "arn:aws:apigateway:us-east-1:lambda:path/2015-03-31/functions/arn:aws:lambda:us-east-1:863435570010:function:dispatch/invocations"
          },
          "sensitive_attributes": [],
          "identity_schema_version": 0,
          "private": "bnVsbA==",
          "dependencies": [
            "module.api-gateway-us.aws_api_gateway_authorizer.cognito_auth",
            "module.api-gateway-us.aws_api_gateway_method.dispatcher",
            "module.api-gateway-us.aws_api_gateway_resource.dispatch",
            "module.api-gateway-us.aws_api_gateway_rest_api.MyDemoAPI",
            "module.cognito.aws_cognito_user.example",
            "module.cognito.aws_cognito_user_pool.example",
            "module.iam.aws_iam_role.ecs_execution_role",
            "module.iam.aws_iam_role.ecs_task_role",
            "module.iam.aws_iam_role.example",
            "module.iam.aws_iam_role_policy.ecs_sns_publish",
            "module.iam.aws_iam_role_policy_attachment.ecs_execution_role_policy",
            "module.iam.data.aws_iam_policy_document.assume_role",
            "module.lambda-us.aws_lambda_function.dispatch",
            "module.lambda-us.aws_lambda_function.greeter",
            "module.lambda-us.data.archive_file.dispatcher",
            "module.lambda-us.data.archive_file.greeter",
            "module.vpc-us.aws_subnet.public_one",
            "module.vpc-us.aws_vpc.main"
          ],
          "create_before_destroy": true
        }
      ]
    },
    {
      "module": "module.api-gateway-us",
      "mode": "managed",
      "type": "aws_api_gateway_integration",
      "name": "greeter",
      "provider": "provider[\"registry.terraform.io/hashicorp/aws\"].US",
      "instances": [
        {
          "schema_version": 0,
          "attributes": {
            "cache_key_parameters": [],
            "cache_namespace": "0l95hv",
            "connection_id": "",
            "connection_type": "INTERNET",
            "content_handling": "",
            "credentials": "",
            "http_method": "GET",
            "id": "agi-3axkb4laq0-0l95hv-GET",
            "integration_http_method": "GET",
            "passthrough_behavior": "WHEN_NO_MATCH",
            "request_parameters": {},
            "request_templates": {},
            "resource_id": "0l95hv",
            "rest_api_id": "3axkb4laq0",
            "timeout_milliseconds": 29000,
            "tls_config": [],
            "type": "AWS_PROXY",
            "uri": "arn:aws:apigateway:us-east-1:lambda:path/2015-03-31/functions/arn:aws:lambda:us-east-1:863435570010:function:greeter/invocations"
          },
          "sensitive_attributes": [],
          "identity_schema_version": 0,
          "private": "bnVsbA==",
          "dependencies": [
            "module.api-gateway-us.aws_api_gateway_authorizer.cognito_auth",
            "module.api-gateway-us.aws_api_gateway_method.protected_method",
            "module.api-gateway-us.aws_api_gateway_resource.greet",
            "module.api-gateway-us.aws_api_gateway_rest_api.MyDemoAPI",
            "module.cognito.aws_cognito_user.example",
            "module.cognito.aws_cognito_user_pool.example",
            "module.iam.aws_iam_role.ecs_execution_role",
            "module.iam.aws_iam_role.ecs_task_role",
            "module.iam.aws_iam_role.example",
            "module.iam.aws_iam_role_policy.ecs_sns_publish",
            "module.iam.aws_iam_role_policy_attachment.ecs_execution_role_policy",
            "module.iam.data.aws_iam_policy_document.assume_role",
            "module.lambda-us.aws_lambda_function.dispatch",
            "module.lambda-us.aws_lambda_function.greeter",
            "module.lambda-us.data.archive_file.dispatcher",
            "module.lambda-us.data.archive_file.greeter",
            "module.vpc-us.aws_subnet.public_one",
            "module.vpc-us.aws_vpc.main"
          ],
          "create_before_destroy": true
        }
      ]
    },
    {
      "module": "module.api-gateway-us",
      "mode": "managed",
      "type": "aws_api_gateway_method",
      "name": "dispatcher",
      "provider": "provider[\"registry.terraform.io/hashicorp/aws\"].US",
      "instances": [
        {
          "schema_version": 0,
          "attributes": {
            "api_key_required": false,
            "authorization": "COGNITO_USER_POOLS",
            "authorization_scopes": [
              "myapp/read_data"
            ],
            "authorizer_id": "p9baau",
            "http_method": "GET",
            "id": "agm-3axkb4laq0-hnmbbq-GET",
            "operation_name": "",
            "request_models": {},
            "request_parameters": {},
            "request_validator_id": "",
            "resource_id": "hnmbbq",
            "rest_api_id": "3axkb4laq0"
          },
          "sensitive_attributes": [],
          "identity_schema_version": 0,
          "private": "bnVsbA==",
          "dependencies": [
            "module.api-gateway-us.aws_api_gateway_authorizer.cognito_auth",
            "module.api-gateway-us.aws_api_gateway_resource.dispatch",
            "module.api-gateway-us.aws_api_gateway_rest_api.MyDemoAPI",
            "module.cognito.aws_cognito_user.example",
            "module.cognito.aws_cognito_user_pool.example",
            "module.iam.aws_iam_role.ecs_execution_role",
            "module.iam.aws_iam_role.ecs_task_role",
            "module.iam.aws_iam_role.example",
            "module.iam.aws_iam_role_policy.ecs_sns_publish",
            "module.iam.aws_iam_role_policy_attachment.ecs_execution_role_policy",
            "module.iam.data.aws_iam_policy_document.assume_role",
            "module.lambda-us.aws_lambda_function.dispatch",
            "module.lambda-us.aws_lambda_function.greeter",
            "module.lambda-us.data.archive_file.dispatcher",
            "module.lambda-us.data.archive_file.greeter",
            "module.vpc-us.aws_subnet.public_one",
            "module.vpc-us.aws_vpc.main"
          ],
          "create_before_destroy": true
        }
      ]
    },
    {
      "module": "module.api-gateway-us",
      "mode": "managed",
      "type": "aws_api_gateway_method",
      "name": "protected_method",
      "provider": "provider[\"registry.terraform.io/hashicorp/aws\"].US",
      "instances": [
        {
          "schema_version": 0,
          "attributes": {
            "api_key_required": false,
            "authorization": "COGNITO_USER_POOLS",
            "authorization_scopes": [
              "myapp/read_data"
            ],
            "authorizer_id": "p9baau",
            "http_method": "GET",
            "id": "agm-3axkb4laq0-0l95hv-GET",
            "operation_name": "",
            "request_models": {},
            "request_parameters": {},
            "request_validator_id": "",
            "resource_id": "0l95hv",
            "rest_api_id": "3axkb4laq0"
          },
          "sensitive_attributes": [],
          "identity_schema_version": 0,
          "private": "bnVsbA==",
          "dependencies": [
            "module.api-gateway-us.aws_api_gateway_authorizer.cognito_auth",
            "module.api-gateway-us.aws_api_gateway_resource.greet",
            "module.api-gateway-us.aws_api_gateway_rest_api.MyDemoAPI",
            "module.cognito.aws_cognito_user.example",
            "module.cognito.aws_cognito_user_pool.example",
            "module.iam.aws_iam_role.ecs_execution_role",
            "module.iam.aws_iam_role.ecs_task_role",
            "module.iam.aws_iam_role.example",
            "module.iam.aws_iam_role_policy.ecs_sns_publish",
            "module.iam.aws_iam_role_policy_attachment.ecs_execution_role_policy",
            "module.iam.data.aws_iam_policy_document.assume_role",
            "module.lambda-us.aws_lambda_function.dispatch",
            "module.lambda-us.aws_lambda_function.greeter",
            "module.lambda-us.data.archive_file.dispatcher",
            "module.lambda-us.data.archive_file.greeter",
            "module.vpc-us.aws_subnet.public_one",
            "module.vpc-us.aws_vpc.main"
          ],
          "create_before_destroy": true
        }
      ]
    },
    {
      "module": "module.api-gateway-us",
      "mode": "managed",
      "type": "aws_api_gateway_resource",
      "name": "dispatch",
      "provider": "provider[\"registry.terraform.io/hashicorp/aws\"].US",
      "instances": [
        {
          "schema_version": 0,
          "attributes": {
            "id": "hnmbbq",
            "parent_id": "vbmm84268k",
            "path": "/dispatch",
            "path_part": "dispatch",
            "rest_api_id": "3axkb4laq0"
          },
          "sensitive_attributes": [],
          "identity_schema_version": 0,
          "private": "bnVsbA==",
          "dependencies": [
            "module.api-gateway-us.aws_api_gateway_rest_api.MyDemoAPI",
            "module.cognito.aws_cognito_user.example",
            "module.cognito.aws_cognito_user_pool.example",
            "module.iam.aws_iam_role.ecs_execution_role",
            "module.iam.aws_iam_role.ecs_task_role",
            "module.iam.aws_iam_role.example",
            "module.iam.aws_iam_role_policy.ecs_sns_publish",
            "module.iam.aws_iam_role_policy_attachment.ecs_execution_role_policy",
            "module.iam.data.aws_iam_policy_document.assume_role",
            "module.lambda-us.aws_lambda_function.dispatch",
            "module.lambda-us.aws_lambda_function.greeter",
            "module.lambda-us.data.archive_file.dispatcher",
            "module.lambda-us.data.archive_file.greeter",
            "module.vpc-us.aws_subnet.public_one",
            "module.vpc-us.aws_vpc.main"
          ],
          "create_before_destroy": true
        }
      ]
    },
    {
      "module": "module.api-gateway-us",
      "mode": "managed",
      "type": "aws_api_gateway_resource",
      "name": "greet",
      "provider": "provider[\"registry.terraform.io/hashicorp/aws\"].US",
      "instances": [
        {
          "schema_version": 0,
          "attributes": {
            "id": "0l95hv",
            "parent_id": "vbmm84268k",
            "path": "/greet",
            "path_part": "greet",
            "rest_api_id": "3axkb4laq0"
          },
          "sensitive_attributes": [],
          "identity_schema_version": 0,
          "private": "bnVsbA==",
          "dependencies": [
            "module.api-gateway-us.aws_api_gateway_rest_api.MyDemoAPI",
            "module.cognito.aws_cognito_user.example",
            "module.cognito.aws_cognito_user_pool.example",
            "module.iam.aws_iam_role.ecs_execution_role",
            "module.iam.aws_iam_role.ecs_task_role",
            "module.iam.aws_iam_role.example",
            "module.iam.aws_iam_role_policy.ecs_sns_publish",
            "module.iam.aws_iam_role_policy_attachment.ecs_execution_role_policy",
            "module.iam.data.aws_iam_policy_document.assume_role",
            "module.lambda-us.aws_lambda_function.dispatch",
            "module.lambda-us.aws_lambda_function.greeter",
            "module.lambda-us.data.archive_file.dispatcher",
            "module.lambda-us.data.archive_file.greeter",
            "module.vpc-us.aws_subnet.public_one",
            "module.vpc-us.aws_vpc.main"
          ],
          "create_before_destroy": true
        }
      ]
    },
    {
      "module": "module.api-gateway-us",
      "mode": "managed",
      "type": "aws_api_gateway_rest_api",
      "name": "MyDemoAPI",
      "provider": "provider[\"registry.terraform.io/hashicorp/aws\"].US",
      "instances": [
        {
          "schema_version": 0,
          "attributes": {
            "api_key_source": "HEADER",
            "arn": "arn:aws:apigateway:us-east-1::/restapis/3axkb4laq0",
            "binary_media_types": [],
            "body": null,
            "created_date": "2026-03-04T14:37:53Z",
            "description": "This is my API for demonstration purposes",
            "disable_execute_api_endpoint": false,
            "endpoint_configuration": [
              {
                "ip_address_type": "ipv4",
                "types": [
                  "EDGE"
                ],
                "vpc_endpoint_ids": []
              }
            ],
            "execution_arn": "arn:aws:execute-api:us-east-1:863435570010:3axkb4laq0",
            "fail_on_warnings": null,
            "id": "3axkb4laq0",
            "minimum_compression_size": "",
            "name": "MyDemoAPI",
            "parameters": null,
            "policy": "",
            "put_rest_api_mode": null,
            "root_resource_id": "vbmm84268k",
            "tags": {},
            "tags_all": {}
          },
          "sensitive_attributes": [],
          "identity_schema_version": 0,
          "private": "bnVsbA==",
          "dependencies": [
            "module.cognito.aws_cognito_user.example",
            "module.cognito.aws_cognito_user_pool.example",
            "module.iam.aws_iam_role.ecs_execution_role",
            "module.iam.aws_iam_role.ecs_task_role",
            "module.iam.aws_iam_role.example",
            "module.iam.aws_iam_role_policy.ecs_sns_publish",
            "module.iam.aws_iam_role_policy_attachment.ecs_execution_role_policy",
            "module.iam.data.aws_iam_policy_document.assume_role",
            "module.lambda-us.aws_lambda_function.dispatch",
            "module.lambda-us.aws_lambda_function.greeter",
            "module.lambda-us.data.archive_file.dispatcher",
            "module.lambda-us.data.archive_file.greeter",
            "module.vpc-us.aws_subnet.public_one",
            "module.vpc-us.aws_vpc.main"
          ],
          "create_before_destroy": true
        }
      ]
    },
    {
      "module": "module.api-gateway-us",
      "mode": "managed",
      "type": "aws_api_gateway_stage",
      "name": "beta",
      "provider": "provider[\"registry.terraform.io/hashicorp/aws\"].US",
      "instances": [
        {
          "schema_version": 0,
          "attributes": {
            "access_log_settings": [],
            "arn": "arn:aws:apigateway:us-east-1::/restapis/3axkb4laq0/stages/beta",
            "cache_cluster_enabled": false,
            "cache_cluster_size": "",
            "canary_settings": [],
            "client_certificate_id": "",
            "deployment_id": "mi8lff",
            "description": "",
            "documentation_version": "",
            "execution_arn": "arn:aws:execute-api:us-east-1:863435570010:3axkb4laq0/beta",
            "id": "ags-3axkb4laq0-beta",
            "invoke_url": "https://3axkb4laq0.execute-api.us-east-1.amazonaws.com/beta",
            "rest_api_id": "3axkb4laq0",
            "stage_name": "beta",
            "tags": {},
            "tags_all": {},
            "variables": {},
            "web_acl_arn": "",
            "xray_tracing_enabled": false
          },
          "sensitive_attributes": [],
          "identity_schema_version": 0,
          "private": "bnVsbA==",
          "dependencies": [
            "module.api-gateway-us.aws_api_gateway_authorizer.cognito_auth",
            "module.api-gateway-us.aws_api_gateway_deployment.myDeployment",
            "module.api-gateway-us.aws_api_gateway_integration.dispatcher",
            "module.api-gateway-us.aws_api_gateway_integration.greeter",
            "module.api-gateway-us.aws_api_gateway_method.dispatcher",
            "module.api-gateway-us.aws_api_gateway_method.protected_method",
            "module.api-gateway-us.aws_api_gateway_resource.dispatch",
            "module.api-gateway-us.aws_api_gateway_resource.greet",
            "module.api-gateway-us.aws_api_gateway_rest_api.MyDemoAPI",
            "module.cognito.aws_cognito_user.example",
            "module.cognito.aws_cognito_user_pool.example",
            "module.iam.aws_iam_role.ecs_execution_role",
            "module.iam.aws_iam_role.ecs_task_role",
            "module.iam.aws_iam_role.example",
            "module.iam.aws_iam_role_policy.ecs_sns_publish",
            "module.iam.aws_iam_role_policy_attachment.ecs_execution_role_policy",
            "module.iam.data.aws_iam_policy_document.assume_role",
            "module.lambda-us.aws_lambda_function.dispatch",
            "module.lambda-us.aws_lambda_function.greeter",
            "module.lambda-us.data.archive_file.dispatcher",
            "module.lambda-us.data.archive_file.greeter",
            "module.vpc-us.aws_subnet.public_one",
            "module.vpc-us.aws_vpc.main"
          ]
        }
      ]
    },
    {
      "module": "module.cognito",
      "mode": "managed",
      "type": "aws_cognito_user",
      "name": "example",
      "provider": "provider[\"registry.terraform.io/hashicorp/aws\"].US",
      "instances": [
        {
          "schema_version": 0,
          "attributes": {
            "attributes": {
              "email": "williandy.str@gmail.com",
              "email_verified": "true",
              "sub": "b448c4b8-7061-706b-d55c-89d957ea3cd6",
              "terraform": "true"
            },
            "client_metadata": null,
            "creation_date": "2026-03-04T14:37:32Z",
            "desired_delivery_mediums": null,
            "enabled": true,
            "force_alias_creation": null,
            "id": "us-east-1_UvFIIRp94/williandy",
            "last_modified_date": "2026-03-04T14:37:32Z",
            "message_action": null,
            "mfa_setting_list": [],
            "password": null,
            "preferred_mfa_setting": "",
            "status": "FORCE_CHANGE_PASSWORD",
            "sub": "b448c4b8-7061-706b-d55c-89d957ea3cd6",
            "temporary_password": null,
            "user_pool_id": "us-east-1_UvFIIRp94",
            "username": "williandy",
            "validation_data": null
          },
          "sensitive_attributes": [
            [
              {
                "type": "get_attr",
                "value": "password"
              }
            ],
            [
              {
                "type": "get_attr",
                "value": "temporary_password"
              }
            ]
          ],
          "identity_schema_version": 0,
          "private": "bnVsbA==",
          "dependencies": [
            "module.cognito.aws_cognito_user_pool.example"
          ],
          "create_before_destroy": true
        }
      ]
    },
    {
      "module": "module.cognito",
      "mode": "managed",
      "type": "aws_cognito_user_pool",
      "name": "example",
      "provider": "provider[\"registry.terraform.io/hashicorp/aws\"].US",
      "instances": [
        {
          "schema_version": 0,
          "attributes": {
            "account_recovery_setting": [
              {
                "recovery_mechanism": [
                  {
                    "name": "verified_email",
                    "priority": 1
                  },
                  {
                    "name": "verified_phone_number",
                    "priority": 2
                  }
                ]
              }
            ],
            "admin_create_user_config": [
              {
                "allow_admin_create_user_only": false,
                "invite_message_template": []
              }
            ],
            "alias_attributes": null,
            "arn": "arn:aws:cognito-idp:us-east-1:863435570010:userpool/us-east-1_UvFIIRp94",
            "auto_verified_attributes": [],
            "creation_date": "2026-03-04T14:37:30Z",
            "custom_domain": "",
            "deletion_protection": "INACTIVE",
            "device_configuration": [],
            "domain": "",
            "email_configuration": [
              {
                "configuration_set": "",
                "email_sending_account": "COGNITO_DEFAULT",
                "from_email_address": "",
                "reply_to_email_address": "",
                "source_arn": ""
              }
            ],
            "email_mfa_configuration": [],
            "email_verification_message": "",
            "email_verification_subject": "",
            "endpoint": "cognito-idp.us-east-1.amazonaws.com/us-east-1_UvFIIRp94",
            "estimated_number_of_users": 1,
            "id": "us-east-1_UvFIIRp94",
            "lambda_config": [],
            "last_modified_date": "2026-03-04T14:37:30Z",
            "mfa_configuration": "OFF",
            "name": "mypool",
            "password_policy": [
              {
                "minimum_length": 8,
                "password_history_size": 0,
                "require_lowercase": true,
                "require_numbers": true,
                "require_symbols": true,
                "require_uppercase": true,
                "temporary_password_validity_days": 7
              }
            ],
            "schema": [
              {
                "attribute_data_type": "Boolean",
                "developer_only_attribute": false,
                "mutable": false,
                "name": "terraform",
                "number_attribute_constraints": [],
                "required": false,
                "string_attribute_constraints": []
              }
            ],
            "sign_in_policy": [
              {
                "allowed_first_auth_factors": [
                  "PASSWORD"
                ]
              }
            ],
            "sms_authentication_message": "",
            "sms_configuration": [],
            "sms_verification_message": "",
            "software_token_mfa_configuration": [],
            "tags": {},
            "tags_all": {},
            "user_attribute_update_settings": [],
            "user_pool_add_ons": [],
            "user_pool_tier": "ESSENTIALS",
            "username_attributes": [],
            "username_configuration": [],
            "verification_message_template": [
              {
                "default_email_option": "CONFIRM_WITH_CODE",
                "email_message": "",
                "email_message_by_link": "",
                "email_subject": "",
                "email_subject_by_link": "",
                "sms_message": ""
              }
            ],
            "web_authn_configuration": []
          },
          "sensitive_attributes": [],
          "identity_schema_version": 0,
          "private": "bnVsbA==",
          "create_before_destroy": true
        }
      ]
    },
    {
      "module": "module.dynamodb",
      "mode": "managed",
      "type": "aws_dynamodb_table",
      "name": "GreetingLogs",
      "provider": "provider[\"registry.terraform.io/hashicorp/aws\"].US",
      "instances": [
        {
          "schema_version": 1,
          "attributes": {
            "arn": "arn:aws:dynamodb:us-east-1:863435570010:table/GreetingLogs",
            "attribute": [
              {
                "name": "TestTableHashKey",
                "type": "S"
              }
            ],
            "billing_mode": "PAY_PER_REQUEST",
            "deletion_protection_enabled": false,
            "global_secondary_index": [],
            "hash_key": "TestTableHashKey",
            "id": "GreetingLogs",
            "import_table": [],
            "local_secondary_index": [],
            "name": "GreetingLogs",
            "on_demand_throughput": [],
            "point_in_time_recovery": [
              {
                "enabled": false,
                "recovery_period_in_days": 0
              }
            ],
            "range_key": null,
            "read_capacity": 0,
            "replica": [
              {
                "arn": "arn:aws:dynamodb:eu-west-1:863435570010:table/GreetingLogs",
                "kms_key_arn": "",
                "point_in_time_recovery": false,
                "propagate_tags": false,
                "region_name": "eu-west-1",
                "stream_arn": "arn:aws:dynamodb:eu-west-1:863435570010:table/GreetingLogs/stream/2026-03-04T14:37:58.770",
                "stream_label": "2026-03-04T14:37:58.770"
              }
            ],
            "restore_date_time": null,
            "restore_source_name": null,
            "restore_source_table_arn": null,
            "restore_to_latest_time": null,
            "server_side_encryption": [],
            "stream_arn": "arn:aws:dynamodb:us-east-1:863435570010:table/GreetingLogs/stream/2026-03-04T14:37:30.617",
            "stream_enabled": true,
            "stream_label": "2026-03-04T14:37:30.617",
            "stream_view_type": "NEW_AND_OLD_IMAGES",
            "table_class": "STANDARD",
            "tags": {},
            "tags_all": {},
            "timeouts": null,
            "ttl": [
              {
                "attribute_name": "",
                "enabled": false
              }
            ],
            "write_capacity": 0
          },
          "sensitive_attributes": [],
          "identity_schema_version": 0,
          "private": "eyJlMmJmYjczMC1lY2FhLTExZTYtOGY4OC0zNDM2M2JjN2M0YzAiOnsiY3JlYXRlIjoxODAwMDAwMDAwMDAwLCJkZWxldGUiOjYwMDAwMDAwMDAwMCwidXBkYXRlIjozNjAwMDAwMDAwMDAwfSwic2NoZW1hX3ZlcnNpb24iOiIxIn0="
        }
      ]
    },
    {
      "module": "module.ecs-irland",
      "mode": "managed",
      "type": "aws_ecs_cluster",
      "name": "exam",
      "provider": "provider[\"registry.terraform.io/hashicorp/aws\"].Ireland",
      "instances": [
        {
          "schema_version": 0,
          "attributes": {
            "arn": "arn:aws:ecs:eu-west-1:863435570010:cluster/exam",
            "configuration": [],
            "id": "arn:aws:ecs:eu-west-1:863435570010:cluster/exam",
            "name": "exam",
            "service_connect_defaults": [],
            "setting": [
              {
                "name": "containerInsights",
                "value": "disabled"
              }
            ],
            "tags": {},
            "tags_all": {}
          },
          "sensitive_attributes": [],
          "identity_schema_version": 0,
          "private": "bnVsbA==",
          "dependencies": [
            "module.iam.aws_iam_role.ecs_execution_role",
            "module.iam.aws_iam_role.ecs_task_role",
            "module.iam.aws_iam_role.example",
            "module.iam.aws_iam_role_policy.ecs_sns_publish",
            "module.iam.aws_iam_role_policy_attachment.ecs_execution_role_policy",
            "module.iam.data.aws_iam_policy_document.assume_role"
          ]
        }
      ]
    },
    {
      "module": "module.ecs-irland",
      "mode": "managed",
      "type": "aws_ecs_cluster_capacity_providers",
      "name": "exam",
      "provider": "provider[\"registry.terraform.io/hashicorp/aws\"].Ireland",
      "instances": [
        {
          "schema_version": 0,
          "attributes": {
            "capacity_providers": [
              "FARGATE"
            ],
            "cluster_name": "exam",
            "default_capacity_provider_strategy": [
              {
                "base": 1,
                "capacity_provider": "FARGATE",
                "weight": 100
              }
            ],
            "id": "exam"
          },
          "sensitive_attributes": [],
          "identity_schema_version": 0,
          "private": "bnVsbA==",
          "dependencies": [
            "module.ecs-irland.aws_ecs_cluster.exam",
            "module.iam.aws_iam_role.ecs_execution_role",
            "module.iam.aws_iam_role.ecs_task_role",
            "module.iam.aws_iam_role.example",
            "module.iam.aws_iam_role_policy.ecs_sns_publish",
            "module.iam.aws_iam_role_policy_attachment.ecs_execution_role_policy",
            "module.iam.data.aws_iam_policy_document.assume_role"
          ]
        }
      ]
    },
    {
      "module": "module.ecs-irland",
      "mode": "managed",
      "type": "aws_ecs_task_definition",
      "name": "sns_dispatcher",
      "provider": "provider[\"registry.terraform.io/hashicorp/aws\"].Ireland",
      "instances": [
        {
          "schema_version": 1,
          "attributes": {
            "arn": "arn:aws:ecs:eu-west-1:863435570010:task-definition/sns-publisher-task:4",
            "arn_without_revision": "arn:aws:ecs:eu-west-1:863435570010:task-definition/sns-publisher-task",
            "container_definitions": "[{\"command\":[\"/bin/sh\",\"-c\",\"aws sns publish --topic-arn arn:aws:sns:us-east-1:123456789012:Unleash-Live-Topic --message \\\"{\\\\\\\"email\\\\\\\": \\\\\\\"$USER_EMAIL\\\\\\\", \\\\\\\"source\\\\\\\": \\\\\\\"ECS\\\\\\\", \\\\\\\"repo\\\\\\\": \\\\\\\"$REPO_URL\\\\\\\"}\\\"\"],\"environment\":[],\"essential\":true,\"image\":\"amazon/aws-cli:latest\",\"logConfiguration\":{\"logDriver\":\"awslogs\",\"options\":{\"awslogs-group\":\"/ecs/sns-publisher\",\"awslogs-region\":\"us-east-1\",\"awslogs-stream-prefix\":\"ecs\"}},\"mountPoints\":[],\"name\":\"publisher-container\",\"portMappings\":[],\"systemControls\":[],\"volumesFrom\":[]}]",
            "cpu": "256",
            "enable_fault_injection": false,
            "ephemeral_storage": [],
            "execution_role_arn": "arn:aws:iam::863435570010:role/my-ecs-execution-role",
            "family": "sns-publisher-task",
            "id": "sns-publisher-task",
            "inference_accelerator": [],
            "ipc_mode": "",
            "memory": "512",
            "network_mode": "awsvpc",
            "pid_mode": "",
            "placement_constraints": [],
            "proxy_configuration": [],
            "requires_compatibilities": [
              "FARGATE"
            ],
            "revision": 4,
            "runtime_platform": [],
            "skip_destroy": false,
            "tags": {},
            "tags_all": {},
            "task_role_arn": "arn:aws:iam::863435570010:role/my-ecs-task-role",
            "track_latest": false,
            "volume": []
          },
          "sensitive_attributes": [],
          "identity_schema_version": 0,
          "private": "eyJzY2hlbWFfdmVyc2lvbiI6IjEifQ==",
          "dependencies": [
            "module.iam.aws_iam_role.ecs_execution_role",
            "module.iam.aws_iam_role.ecs_task_role",
            "module.iam.aws_iam_role.example",
            "module.iam.aws_iam_role_policy.ecs_sns_publish",
            "module.iam.aws_iam_role_policy_attachment.ecs_execution_role_policy",
            "module.iam.data.aws_iam_policy_document.assume_role"
          ]
        }
      ]
    },
    {
      "module": "module.ecs-us",
      "mode": "managed",
      "type": "aws_ecs_cluster",
      "name": "exam",
      "provider": "provider[\"registry.terraform.io/hashicorp/aws\"].US",
      "instances": [
        {
          "schema_version": 0,
          "attributes": {
            "arn": "arn:aws:ecs:us-east-1:863435570010:cluster/exam",
            "configuration": [],
            "id": "arn:aws:ecs:us-east-1:863435570010:cluster/exam",
            "name": "exam",
            "service_connect_defaults": [],
            "setting": [
              {
                "name": "containerInsights",
                "value": "disabled"
              }
            ],
            "tags": {},
            "tags_all": {}
          },
          "sensitive_attributes": [],
          "identity_schema_version": 0,
          "private": "bnVsbA==",
          "dependencies": [
            "module.iam.aws_iam_role.ecs_execution_role",
            "module.iam.aws_iam_role.ecs_task_role",
            "module.iam.aws_iam_role.example",
            "module.iam.aws_iam_role_policy.ecs_sns_publish",
            "module.iam.aws_iam_role_policy_attachment.ecs_execution_role_policy",
            "module.iam.data.aws_iam_policy_document.assume_role"
          ]
        }
      ]
    },
    {
      "module": "module.ecs-us",
      "mode": "managed",
      "type": "aws_ecs_cluster_capacity_providers",
      "name": "exam",
      "provider": "provider[\"registry.terraform.io/hashicorp/aws\"].US",
      "instances": [
        {
          "schema_version": 0,
          "attributes": {
            "capacity_providers": [
              "FARGATE"
            ],
            "cluster_name": "exam",
            "default_capacity_provider_strategy": [
              {
                "base": 1,
                "capacity_provider": "FARGATE",
                "weight": 100
              }
            ],
            "id": "exam"
          },
          "sensitive_attributes": [],
          "identity_schema_version": 0,
          "private": "bnVsbA==",
          "dependencies": [
            "module.ecs-us.aws_ecs_cluster.exam",
            "module.iam.aws_iam_role.ecs_execution_role",
            "module.iam.aws_iam_role.ecs_task_role",
            "module.iam.aws_iam_role.example",
            "module.iam.aws_iam_role_policy.ecs_sns_publish",
            "module.iam.aws_iam_role_policy_attachment.ecs_execution_role_policy",
            "module.iam.data.aws_iam_policy_document.assume_role"
          ]
        }
      ]
    },
    {
      "module": "module.ecs-us",
      "mode": "managed",
      "type": "aws_ecs_task_definition",
      "name": "sns_dispatcher",
      "provider": "provider[\"registry.terraform.io/hashicorp/aws\"].US",
      "instances": [
        {
          "schema_version": 1,
          "attributes": {
            "arn": "arn:aws:ecs:us-east-1:863435570010:task-definition/sns-publisher-task:7",
            "arn_without_revision": "arn:aws:ecs:us-east-1:863435570010:task-definition/sns-publisher-task",
            "container_definitions": "[{\"command\":[\"/bin/sh\",\"-c\",\"aws sns publish --topic-arn arn:aws:sns:us-east-1:123456789012:Unleash-Live-Topic --message \\\"{\\\\\\\"email\\\\\\\": \\\\\\\"$USER_EMAIL\\\\\\\", \\\\\\\"source\\\\\\\": \\\\\\\"ECS\\\\\\\", \\\\\\\"repo\\\\\\\": \\\\\\\"$REPO_URL\\\\\\\"}\\\"\"],\"environment\":[],\"essential\":true,\"image\":\"amazon/aws-cli:latest\",\"logConfiguration\":{\"logDriver\":\"awslogs\",\"options\":{\"awslogs-stream-prefix\":\"ecs\",\"awslogs-group\":\"/ecs/sns-publisher\",\"awslogs-region\":\"us-east-1\"}},\"mountPoints\":[],\"name\":\"publisher-container\",\"portMappings\":[],\"systemControls\":[],\"volumesFrom\":[]}]",
            "cpu": "256",
            "enable_fault_injection": false,
            "ephemeral_storage": [],
            "execution_role_arn": "arn:aws:iam::863435570010:role/my-ecs-execution-role",
            "family": "sns-publisher-task",
            "id": "sns-publisher-task",
            "inference_accelerator": [],
            "ipc_mode": "",
            "memory": "512",
            "network_mode": "awsvpc",
            "pid_mode": "",
            "placement_constraints": [],
            "proxy_configuration": [],
            "requires_compatibilities": [
              "FARGATE"
            ],
            "revision": 7,
            "runtime_platform": [],
            "skip_destroy": false,
            "tags": {},
            "tags_all": {},
            "task_role_arn": "arn:aws:iam::863435570010:role/my-ecs-task-role",
            "track_latest": false,
            "volume": []
          },
          "sensitive_attributes": [],
          "identity_schema_version": 0,
          "private": "eyJzY2hlbWFfdmVyc2lvbiI6IjEifQ==",
          "dependencies": [
            "module.iam.aws_iam_role.ecs_execution_role",
            "module.iam.aws_iam_role.ecs_task_role",
            "module.iam.aws_iam_role.example",
            "module.iam.aws_iam_role_policy.ecs_sns_publish",
            "module.iam.aws_iam_role_policy_attachment.ecs_execution_role_policy",
            "module.iam.data.aws_iam_policy_document.assume_role"
          ]
        }
      ]
    },
    {
      "module": "module.iam",
      "mode": "data",
      "type": "aws_iam_policy_document",
      "name": "assume_role",
      "provider": "provider[\"registry.terraform.io/hashicorp/aws\"]",
      "instances": [
        {
          "schema_version": 0,
          "attributes": {
            "id": "2690255455",
            "json": "{\n  \"Version\": \"2012-10-17\",\n  \"Statement\": [\n    {\n      \"Effect\": \"Allow\",\n      \"Action\": \"sts:AssumeRole\",\n      \"Principal\": {\n        \"Service\": \"lambda.amazonaws.com\"\n      }\n    }\n  ]\n}",
            "minified_json": "{\"Version\":\"2012-10-17\",\"Statement\":[{\"Effect\":\"Allow\",\"Action\":\"sts:AssumeRole\",\"Principal\":{\"Service\":\"lambda.amazonaws.com\"}}]}",
            "override_json": null,
            "override_policy_documents": null,
            "policy_id": null,
            "source_json": null,
            "source_policy_documents": null,
            "statement": [
              {
                "actions": [
                  "sts:AssumeRole"
                ],
                "condition": [],
                "effect": "Allow",
                "not_actions": [],
                "not_principals": [],
                "not_resources": [],
                "principals": [
                  {
                    "identifiers": [
                      "lambda.amazonaws.com"
                    ],
                    "type": "Service"
                  }
                ],
                "resources": [],
                "sid": ""
              }
            ],
            "version": "2012-10-17"
          },
          "sensitive_attributes": [],
          "identity_schema_version": 0
        }
      ]
    },
    {
      "module": "module.iam",
      "mode": "managed",
      "type": "aws_iam_role",
      "name": "ecs_execution_role",
      "provider": "provider[\"registry.terraform.io/hashicorp/aws\"]",
      "instances": [
        {
          "schema_version": 0,
          "attributes": {
            "arn": "arn:aws:iam::863435570010:role/my-ecs-execution-role",
            "assume_role_policy": "{\"Statement\":[{\"Action\":\"sts:AssumeRole\",\"Effect\":\"Allow\",\"Principal\":{\"Service\":\"ecs-tasks.amazonaws.com\"}}],\"Version\":\"2012-10-17\"}",
            "create_date": "2026-03-04T14:37:29Z",
            "description": "",
            "force_detach_policies": false,
            "id": "my-ecs-execution-role",
            "inline_policy": [],
            "managed_policy_arns": [
              "arn:aws:iam::aws:policy/service-role/AmazonECSTaskExecutionRolePolicy"
            ],
            "max_session_duration": 3600,
            "name": "my-ecs-execution-role",
            "name_prefix": "",
            "path": "/",
            "permissions_boundary": "",
            "tags": {},
            "tags_all": {},
            "unique_id": "AROA4SCGFHNNCW5HLZIA7"
          },
          "sensitive_attributes": [],
          "identity_schema_version": 0,
          "private": "bnVsbA==",
          "create_before_destroy": true
        }
      ]
    },
    {
      "module": "module.iam",
      "mode": "managed",
      "type": "aws_iam_role",
      "name": "ecs_task_role",
      "provider": "provider[\"registry.terraform.io/hashicorp/aws\"]",
      "instances": [
        {
          "schema_version": 0,
          "attributes": {
            "arn": "arn:aws:iam::863435570010:role/my-ecs-task-role",
            "assume_role_policy": "{\"Statement\":[{\"Action\":\"sts:AssumeRole\",\"Effect\":\"Allow\",\"Principal\":{\"Service\":\"ecs-tasks.amazonaws.com\"}}],\"Version\":\"2012-10-17\"}",
            "create_date": "2026-03-04T14:37:29Z",
            "description": "",
            "force_detach_policies": false,
            "id": "my-ecs-task-role",
            "inline_policy": [
              {
                "name": "sns-publish-permissions",
                "policy": "{\"Version\":\"2012-10-17\",\"Statement\":[{\"Action\":\"sns:Publish\",\"Effect\":\"Allow\",\"Resource\":\"*\"}]}"
              }
            ],
            "managed_policy_arns": [],
            "max_session_duration": 3600,
            "name": "my-ecs-task-role",
            "name_prefix": "",
            "path": "/",
            "permissions_boundary": "",
            "tags": {},
            "tags_all": {},
            "unique_id": "AROA4SCGFHNNOAHHNFPU3"
          },
          "sensitive_attributes": [],
          "identity_schema_version": 0,
          "private": "bnVsbA==",
          "create_before_destroy": true
        }
      ]
    },
    {
      "module": "module.iam",
      "mode": "managed",
      "type": "aws_iam_role",
      "name": "example",
      "provider": "provider[\"registry.terraform.io/hashicorp/aws\"]",
      "instances": [
        {
          "schema_version": 0,
          "attributes": {
            "arn": "arn:aws:iam::863435570010:role/lambda_execution_role",
            "assume_role_policy": "{\"Statement\":[{\"Action\":\"sts:AssumeRole\",\"Effect\":\"Allow\",\"Principal\":{\"Service\":\"lambda.amazonaws.com\"}}],\"Version\":\"2012-10-17\"}",
            "create_date": "2026-03-04T14:37:29Z",
            "description": "",
            "force_detach_policies": false,
            "id": "lambda_execution_role",
            "inline_policy": [],
            "managed_policy_arns": [],
            "max_session_duration": 3600,
            "name": "lambda_execution_role",
            "name_prefix": "",
            "path": "/",
            "permissions_boundary": "",
            "tags": {},
            "tags_all": {},
            "unique_id": "AROA4SCGFHNNAICMQ2ZCC"
          },
          "sensitive_attributes": [],
          "identity_schema_version": 0,
          "private": "bnVsbA==",
          "dependencies": [
            "module.iam.data.aws_iam_policy_document.assume_role"
          ],
          "create_before_destroy": true
        }
      ]
    },
    {
      "module": "module.iam",
      "mode": "managed",
      "type": "aws_iam_role_policy",
      "name": "ecs_sns_publish",
      "provider": "provider[\"registry.terraform.io/hashicorp/aws\"]",
      "instances": [
        {
          "schema_version": 0,
          "attributes": {
            "id": "my-ecs-task-role:sns-publish-permissions",
            "name": "sns-publish-permissions",
            "name_prefix": "",
            "policy": "{\"Version\":\"2012-10-17\",\"Statement\":[{\"Action\":\"sns:Publish\",\"Effect\":\"Allow\",\"Resource\":\"*\"}]}",
            "role": "my-ecs-task-role"
          },
          "sensitive_attributes": [],
          "identity_schema_version": 0,
          "private": "bnVsbA==",
          "dependencies": [
            "module.iam.aws_iam_role.ecs_task_role"
          ],
          "create_before_destroy": true
        }
      ]
    },
    {
      "module": "module.iam",
      "mode": "managed",
      "type": "aws_iam_role_policy_attachment",
      "name": "ecs_execution_role_policy",
      "provider": "provider[\"registry.terraform.io/hashicorp/aws\"]",
      "instances": [
        {
          "schema_version": 0,
          "attributes": {
            "id": "my-ecs-execution-role-20260304143731436300000001",
            "policy_arn": "arn:aws:iam::aws:policy/service-role/AmazonECSTaskExecutionRolePolicy",
            "role": "my-ecs-execution-role"
          },
          "sensitive_attributes": [],
          "identity_schema_version": 0,
          "private": "bnVsbA==",
          "dependencies": [
            "module.iam.aws_iam_role.ecs_execution_role"
          ],
          "create_before_destroy": true
        }
      ]
    },
    {
      "module": "module.lambda-irland",
      "mode": "data",
      "type": "archive_file",
      "name": "dispatcher",
      "provider": "provider[\"registry.terraform.io/hashicorp/archive\"]",
      "instances": [
        {
          "schema_version": 0,
          "attributes": {
            "exclude_symlink_directories": null,
            "excludes": null,
            "id": "c1278e735e2ad3ff8794d21fd1042d4691cf00c2",
            "output_base64sha256": "W/MaEuXbDkNbo/nKK8ZppE6LTlZO0CARm1YoTiQ6U/A=",
            "output_base64sha512": "+yClA2cLrgzXVEYiyoojRricZtraIsFknptGwg20V5UPkgy6TJVFSfi5mJTejlLj+/M1abyjwrSUCHsId24ilQ==",
            "output_file_mode": null,
            "output_md5": "cd2592342a548f34f6176e4bfd49bc19",
            "output_path": "modules/lambda/dispatcher/function.zip",
            "output_sha": "c1278e735e2ad3ff8794d21fd1042d4691cf00c2",
            "output_sha256": "5bf31a12e5db0e435ba3f9ca2bc669a44e8b4e564ed020119b56284e243a53f0",
            "output_sha512": "fb20a503670bae0cd7544622ca8a2346b89c66dada22c1649e9b46c20db457950f920cba4c954549f8b99894de8e52e3fbf33569bca3c2b494087b08776e2295",
            "output_size": 764,
            "source": [],
            "source_content": null,
            "source_content_filename": null,
            "source_dir": null,
            "source_file": "modules/lambda/dispatcher/index.js",
            "type": "zip"
          },
          "sensitive_attributes": [],
          "identity_schema_version": 0
        }
      ]
    },
    {
      "module": "module.lambda-irland",
      "mode": "data",
      "type": "archive_file",
      "name": "greeter",
      "provider": "provider[\"registry.terraform.io/hashicorp/archive\"]",
      "instances": [
        {
          "schema_version": 0,
          "attributes": {
            "exclude_symlink_directories": null,
            "excludes": null,
            "id": "336f24fd282fce0cfa8b0c7f6be7430e776ff651",
            "output_base64sha256": "Wtf9dIHCy5styBmvTGHz9vtlb0Kv562HDbM4svc2KN8=",
            "output_base64sha512": "3OIGp+v1tQBRQBZPK6f5nc5fwLiyyMrc5DRd7m8zQggw0MTw+iHMAjZ+BoTIsSnRhSaj2mR5BwPiFDkRYfpxgA==",
            "output_file_mode": null,
            "output_md5": "1f58ae386619c6d644916965220ed45d",
            "output_path": "modules/lambda/greeter/function.zip",
            "output_sha": "336f24fd282fce0cfa8b0c7f6be7430e776ff651",
            "output_sha256": "5ad7fd7481c2cb9b2dc819af4c61f3f6fb656f42afe7ad870db338b2f73628df",
            "output_sha512": "dce206a7ebf5b5005140164f2ba7f99dce5fc0b8b2c8cadce4345dee6f33420830d0c4f0fa21cc02367e0684c8b129d18526a3da64790703e214391161fa7180",
            "output_size": 880,
            "source": [],
            "source_content": null,
            "source_content_filename": null,
            "source_dir": null,
            "source_file": "modules/lambda/greeter/index.js",
            "type": "zip"
          },
          "sensitive_attributes": [],
          "identity_schema_version": 0
        }
      ]
    },
    {
      "module": "module.lambda-irland",
      "mode": "managed",
      "type": "aws_lambda_function",
      "name": "dispatch",
      "provider": "provider[\"registry.terraform.io/hashicorp/aws\"].Ireland",
      "instances": [
        {
          "schema_version": 0,
          "attributes": {
            "architectures": [
              "x86_64"
            ],
            "arn": "arn:aws:lambda:eu-west-1:863435570010:function:dispatch",
            "code_sha256": "RpcklfJFxqV8KKdeZWyQI0Tsijn7QsIfwFQGADn1eKc=",
            "code_signing_config_arn": "",
            "dead_letter_config": [],
            "description": "",
            "environment": [
              {
                "variables": {
                  "SG": "subnet-04b42d71525d383e3",
                  "SUBNET": "subnet-04b42d71525d383e3"
                }
              }
            ],
            "ephemeral_storage": [
              {
                "size": 512
              }
            ],
            "file_system_config": [],
            "filename": "modules/lambda/dispatcher/function.zip",
            "function_name": "dispatch",
            "handler": "index.handler",
            "id": "dispatch",
            "image_config": [],
            "image_uri": "",
            "invoke_arn": "arn:aws:apigateway:eu-west-1:lambda:path/2015-03-31/functions/arn:aws:lambda:eu-west-1:863435570010:function:dispatch/invocations",
            "kms_key_arn": "",
            "last_modified": "2026-03-04T15:17:33.000+0000",
            "layers": [],
            "logging_config": [
              {
                "application_log_level": "",
                "log_format": "Text",
                "log_group": "/aws/lambda/dispatch",
                "system_log_level": ""
              }
            ],
            "memory_size": 128,
            "package_type": "Zip",
            "publish": false,
            "qualified_arn": "arn:aws:lambda:eu-west-1:863435570010:function:dispatch:$LATEST",
            "qualified_invoke_arn": "arn:aws:apigateway:eu-west-1:lambda:path/2015-03-31/functions/arn:aws:lambda:eu-west-1:863435570010:function:dispatch:$LATEST/invocations",
            "replace_security_groups_on_destroy": null,
            "replacement_security_group_ids": null,
            "reserved_concurrent_executions": -1,
            "role": "arn:aws:iam::863435570010:role/lambda_execution_role",
            "runtime": "nodejs20.x",
            "s3_bucket": null,
            "s3_key": null,
            "s3_object_version": null,
            "signing_job_arn": "",
            "signing_profile_version_arn": "",
            "skip_destroy": false,
            "snap_start": [],
            "source_code_hash": "",
            "source_code_size": 762,
            "tags": {
              "Application": "example",
              "Environment": "production"
            },
            "tags_all": {
              "Application": "example",
              "Environment": "production"
            },
            "timeout": 3,
            "timeouts": null,
            "tracing_config": [
              {
                "mode": "PassThrough"
              }
            ],
            "version": "$LATEST",
            "vpc_config": []
          },
          "sensitive_attributes": [],
          "identity_schema_version": 0,
          "private": "eyJlMmJmYjczMC1lY2FhLTExZTYtOGY4OC0zNDM2M2JjN2M0YzAiOnsiY3JlYXRlIjo2MDAwMDAwMDAwMDAsImRlbGV0ZSI6NjAwMDAwMDAwMDAwLCJ1cGRhdGUiOjYwMDAwMDAwMDAwMH19",
          "dependencies": [
            "module.iam.aws_iam_role.ecs_execution_role",
            "module.iam.aws_iam_role.ecs_task_role",
            "module.iam.aws_iam_role.example",
            "module.iam.aws_iam_role_policy.ecs_sns_publish",
            "module.iam.aws_iam_role_policy_attachment.ecs_execution_role_policy",
            "module.iam.data.aws_iam_policy_document.assume_role",
            "module.lambda-irland.data.archive_file.dispatcher",
            "module.vpc-irland.aws_subnet.public_one",
            "module.vpc-irland.aws_vpc.main"
          ],
          "create_before_destroy": true
        }
      ]
    },
    {
      "module": "module.lambda-irland",
      "mode": "managed",
      "type": "aws_lambda_function",
      "name": "greeter",
      "provider": "provider[\"registry.terraform.io/hashicorp/aws\"].Ireland",
      "instances": [
        {
          "schema_version": 0,
          "attributes": {
            "architectures": [
              "x86_64"
            ],
            "arn": "arn:aws:lambda:eu-west-1:863435570010:function:greeter",
            "code_sha256": "Wtf9dIHCy5styBmvTGHz9vtlb0Kv562HDbM4svc2KN8=",
            "code_signing_config_arn": "",
            "dead_letter_config": [],
            "description": "",
            "environment": [
              {
                "variables": {
                  "ENVIRONMENT": "production",
                  "LOG_LEVEL": "info"
                }
              }
            ],
            "ephemeral_storage": [
              {
                "size": 512
              }
            ],
            "file_system_config": [],
            "filename": "modules/lambda/greeter/function.zip",
            "function_name": "greeter",
            "handler": "index.handler",
            "id": "greeter",
            "image_config": [],
            "image_uri": "",
            "invoke_arn": "arn:aws:apigateway:eu-west-1:lambda:path/2015-03-31/functions/arn:aws:lambda:eu-west-1:863435570010:function:greeter/invocations",
            "kms_key_arn": "",
            "last_modified": "2026-03-04T14:37:42.120+0000",
            "layers": [],
            "logging_config": [
              {
                "application_log_level": "",
                "log_format": "Text",
                "log_group": "/aws/lambda/greeter",
                "system_log_level": ""
              }
            ],
            "memory_size": 128,
            "package_type": "Zip",
            "publish": false,
            "qualified_arn": "arn:aws:lambda:eu-west-1:863435570010:function:greeter:$LATEST",
            "qualified_invoke_arn": "arn:aws:apigateway:eu-west-1:lambda:path/2015-03-31/functions/arn:aws:lambda:eu-west-1:863435570010:function:greeter:$LATEST/invocations",
            "replace_security_groups_on_destroy": null,
            "replacement_security_group_ids": null,
            "reserved_concurrent_executions": -1,
            "role": "arn:aws:iam::863435570010:role/lambda_execution_role",
            "runtime": "nodejs20.x",
            "s3_bucket": null,
            "s3_key": null,
            "s3_object_version": null,
            "signing_job_arn": "",
            "signing_profile_version_arn": "",
            "skip_destroy": false,
            "snap_start": [],
            "source_code_hash": "",
            "source_code_size": 880,
            "tags": {
              "Application": "example",
              "Environment": "production"
            },
            "tags_all": {
              "Application": "example",
              "Environment": "production"
            },
            "timeout": 3,
            "timeouts": null,
            "tracing_config": [
              {
                "mode": "PassThrough"
              }
            ],
            "version": "$LATEST",
            "vpc_config": []
          },
          "sensitive_attributes": [],
          "identity_schema_version": 0,
          "private": "eyJlMmJmYjczMC1lY2FhLTExZTYtOGY4OC0zNDM2M2JjN2M0YzAiOnsiY3JlYXRlIjo2MDAwMDAwMDAwMDAsImRlbGV0ZSI6NjAwMDAwMDAwMDAwLCJ1cGRhdGUiOjYwMDAwMDAwMDAwMH19",
          "dependencies": [
            "module.iam.aws_iam_role.ecs_execution_role",
            "module.iam.aws_iam_role.ecs_task_role",
            "module.iam.aws_iam_role.example",
            "module.iam.aws_iam_role_policy.ecs_sns_publish",
            "module.iam.aws_iam_role_policy_attachment.ecs_execution_role_policy",
            "module.iam.data.aws_iam_policy_document.assume_role",
            "module.lambda-irland.data.archive_file.greeter"
          ],
          "create_before_destroy": true
        }
      ]
    },
    {
      "module": "module.lambda-us",
      "mode": "data",
      "type": "archive_file",
      "name": "dispatcher",
      "provider": "provider[\"registry.terraform.io/hashicorp/archive\"]",
      "instances": [
        {
          "schema_version": 0,
          "attributes": {
            "exclude_symlink_directories": null,
            "excludes": null,
            "id": "c1278e735e2ad3ff8794d21fd1042d4691cf00c2",
            "output_base64sha256": "W/MaEuXbDkNbo/nKK8ZppE6LTlZO0CARm1YoTiQ6U/A=",
            "output_base64sha512": "+yClA2cLrgzXVEYiyoojRricZtraIsFknptGwg20V5UPkgy6TJVFSfi5mJTejlLj+/M1abyjwrSUCHsId24ilQ==",
            "output_file_mode": null,
            "output_md5": "cd2592342a548f34f6176e4bfd49bc19",
            "output_path": "modules/lambda/dispatcher/function.zip",
            "output_sha": "c1278e735e2ad3ff8794d21fd1042d4691cf00c2",
            "output_sha256": "5bf31a12e5db0e435ba3f9ca2bc669a44e8b4e564ed020119b56284e243a53f0",
            "output_sha512": "fb20a503670bae0cd7544622ca8a2346b89c66dada22c1649e9b46c20db457950f920cba4c954549f8b99894de8e52e3fbf33569bca3c2b494087b08776e2295",
            "output_size": 764,
            "source": [],
            "source_content": null,
            "source_content_filename": null,
            "source_dir": null,
            "source_file": "modules/lambda/dispatcher/index.js",
            "type": "zip"
          },
          "sensitive_attributes": [],
          "identity_schema_version": 0
        }
      ]
    },
    {
      "module": "module.lambda-us",
      "mode": "data",
      "type": "archive_file",
      "name": "greeter",
      "provider": "provider[\"registry.terraform.io/hashicorp/archive\"]",
      "instances": [
        {
          "schema_version": 0,
          "attributes": {
            "exclude_symlink_directories": null,
            "excludes": null,
            "id": "336f24fd282fce0cfa8b0c7f6be7430e776ff651",
            "output_base64sha256": "Wtf9dIHCy5styBmvTGHz9vtlb0Kv562HDbM4svc2KN8=",
            "output_base64sha512": "3OIGp+v1tQBRQBZPK6f5nc5fwLiyyMrc5DRd7m8zQggw0MTw+iHMAjZ+BoTIsSnRhSaj2mR5BwPiFDkRYfpxgA==",
            "output_file_mode": null,
            "output_md5": "1f58ae386619c6d644916965220ed45d",
            "output_path": "modules/lambda/greeter/function.zip",
            "output_sha": "336f24fd282fce0cfa8b0c7f6be7430e776ff651",
            "output_sha256": "5ad7fd7481c2cb9b2dc819af4c61f3f6fb656f42afe7ad870db338b2f73628df",
            "output_sha512": "dce206a7ebf5b5005140164f2ba7f99dce5fc0b8b2c8cadce4345dee6f33420830d0c4f0fa21cc02367e0684c8b129d18526a3da64790703e214391161fa7180",
            "output_size": 880,
            "source": [],
            "source_content": null,
            "source_content_filename": null,
            "source_dir": null,
            "source_file": "modules/lambda/greeter/index.js",
            "type": "zip"
          },
          "sensitive_attributes": [],
          "identity_schema_version": 0
        }
      ]
    },
    {
      "module": "module.lambda-us",
      "mode": "managed",
      "type": "aws_lambda_function",
      "name": "dispatch",
      "provider": "provider[\"registry.terraform.io/hashicorp/aws\"].US",
      "instances": [
        {
          "schema_version": 0,
          "attributes": {
            "architectures": [
              "x86_64"
            ],
            "arn": "arn:aws:lambda:us-east-1:863435570010:function:dispatch",
            "code_sha256": "RpcklfJFxqV8KKdeZWyQI0Tsijn7QsIfwFQGADn1eKc=",
            "code_signing_config_arn": "",
            "dead_letter_config": [],
            "description": "",
            "environment": [
              {
                "variables": {
                  "SG": "subnet-0c2eed56b30b172e7",
                  "SUBNET": "subnet-0c2eed56b30b172e7"
                }
              }
            ],
            "ephemeral_storage": [
              {
                "size": 512
              }
            ],
            "file_system_config": [],
            "filename": "modules/lambda/dispatcher/function.zip",
            "function_name": "dispatch",
            "handler": "index.handler",
            "id": "dispatch",
            "image_config": [],
            "image_uri": "",
            "invoke_arn": "arn:aws:apigateway:us-east-1:lambda:path/2015-03-31/functions/arn:aws:lambda:us-east-1:863435570010:function:dispatch/invocations",
            "kms_key_arn": "",
            "last_modified": "2026-03-04T15:17:36.000+0000",
            "layers": [],
            "logging_config": [
              {
                "application_log_level": "",
                "log_format": "Text",
                "log_group": "/aws/lambda/dispatch",
                "system_log_level": ""
              }
            ],
            "memory_size": 128,
            "package_type": "Zip",
            "publish": false,
            "qualified_arn": "arn:aws:lambda:us-east-1:863435570010:function:dispatch:$LATEST",
            "qualified_invoke_arn": "arn:aws:apigateway:us-east-1:lambda:path/2015-03-31/functions/arn:aws:lambda:us-east-1:863435570010:function:dispatch:$LATEST/invocations",
            "replace_security_groups_on_destroy": null,
            "replacement_security_group_ids": null,
            "reserved_concurrent_executions": -1,
            "role": "arn:aws:iam::863435570010:role/lambda_execution_role",
            "runtime": "nodejs20.x",
            "s3_bucket": null,
            "s3_key": null,
            "s3_object_version": null,
            "signing_job_arn": "",
            "signing_profile_version_arn": "",
            "skip_destroy": false,
            "snap_start": [],
            "source_code_hash": "",
            "source_code_size": 762,
            "tags": {
              "Application": "example",
              "Environment": "production"
            },
            "tags_all": {
              "Application": "example",
              "Environment": "production"
            },
            "timeout": 3,
            "timeouts": null,
            "tracing_config": [
              {
                "mode": "PassThrough"
              }
            ],
            "version": "$LATEST",
            "vpc_config": []
          },
          "sensitive_attributes": [],
          "identity_schema_version": 0,
          "private": "eyJlMmJmYjczMC1lY2FhLTExZTYtOGY4OC0zNDM2M2JjN2M0YzAiOnsiY3JlYXRlIjo2MDAwMDAwMDAwMDAsImRlbGV0ZSI6NjAwMDAwMDAwMDAwLCJ1cGRhdGUiOjYwMDAwMDAwMDAwMH19",
          "dependencies": [
            "module.iam.aws_iam_role.ecs_execution_role",
            "module.iam.aws_iam_role.ecs_task_role",
            "module.iam.aws_iam_role.example",
            "module.iam.aws_iam_role_policy.ecs_sns_publish",
            "module.iam.aws_iam_role_policy_attachment.ecs_execution_role_policy",
            "module.iam.data.aws_iam_policy_document.assume_role",
            "module.lambda-us.data.archive_file.dispatcher",
            "module.vpc-us.aws_subnet.public_one",
            "module.vpc-us.aws_vpc.main"
          ],
          "create_before_destroy": true
        }
      ]
    },
    {
      "module": "module.lambda-us",
      "mode": "managed",
      "type": "aws_lambda_function",
      "name": "greeter",
      "provider": "provider[\"registry.terraform.io/hashicorp/aws\"].US",
      "instances": [
        {
          "schema_version": 0,
          "attributes": {
            "architectures": [
              "x86_64"
            ],
            "arn": "arn:aws:lambda:us-east-1:863435570010:function:greeter",
            "code_sha256": "Wtf9dIHCy5styBmvTGHz9vtlb0Kv562HDbM4svc2KN8=",
            "code_signing_config_arn": "",
            "dead_letter_config": [],
            "description": "",
            "environment": [
              {
                "variables": {
                  "ENVIRONMENT": "production",
                  "LOG_LEVEL": "info"
                }
              }
            ],
            "ephemeral_storage": [
              {
                "size": 512
              }
            ],
            "file_system_config": [],
            "filename": "modules/lambda/greeter/function.zip",
            "function_name": "greeter",
            "handler": "index.handler",
            "id": "greeter",
            "image_config": [],
            "image_uri": "",
            "invoke_arn": "arn:aws:apigateway:us-east-1:lambda:path/2015-03-31/functions/arn:aws:lambda:us-east-1:863435570010:function:greeter/invocations",
            "kms_key_arn": "",
            "last_modified": "2026-03-04T14:37:45.466+0000",
            "layers": [],
            "logging_config": [
              {
                "application_log_level": "",
                "log_format": "Text",
                "log_group": "/aws/lambda/greeter",
                "system_log_level": ""
              }
            ],
            "memory_size": 128,
            "package_type": "Zip",
            "publish": false,
            "qualified_arn": "arn:aws:lambda:us-east-1:863435570010:function:greeter:$LATEST",
            "qualified_invoke_arn": "arn:aws:apigateway:us-east-1:lambda:path/2015-03-31/functions/arn:aws:lambda:us-east-1:863435570010:function:greeter:$LATEST/invocations",
            "replace_security_groups_on_destroy": null,
            "replacement_security_group_ids": null,
            "reserved_concurrent_executions": -1,
            "role": "arn:aws:iam::863435570010:role/lambda_execution_role",
            "runtime": "nodejs20.x",
            "s3_bucket": null,
            "s3_key": null,
            "s3_object_version": null,
            "signing_job_arn": "",
            "signing_profile_version_arn": "",
            "skip_destroy": false,
            "snap_start": [],
            "source_code_hash": "",
            "source_code_size": 880,
            "tags": {
              "Application": "example",
              "Environment": "production"
            },
            "tags_all": {
              "Application": "example",
              "Environment": "production"
            },
            "timeout": 3,
            "timeouts": null,
            "tracing_config": [
              {
                "mode": "PassThrough"
              }
            ],
            "version": "$LATEST",
            "vpc_config": []
          },
          "sensitive_attributes": [],
          "identity_schema_version": 0,
          "private": "eyJlMmJmYjczMC1lY2FhLTExZTYtOGY4OC0zNDM2M2JjN2M0YzAiOnsiY3JlYXRlIjo2MDAwMDAwMDAwMDAsImRlbGV0ZSI6NjAwMDAwMDAwMDAwLCJ1cGRhdGUiOjYwMDAwMDAwMDAwMH19",
          "dependencies": [
            "module.iam.aws_iam_role.ecs_execution_role",
            "module.iam.aws_iam_role.ecs_task_role",
            "module.iam.aws_iam_role.example",
            "module.iam.aws_iam_role_policy.ecs_sns_publish",
            "module.iam.aws_iam_role_policy_attachment.ecs_execution_role_policy",
            "module.iam.data.aws_iam_policy_document.assume_role",
            "module.lambda-us.data.archive_file.greeter"
          ],
          "create_before_destroy": true
        }
      ]
    },
    {
      "module": "module.vpc-irland",
      "mode": "managed",
      "type": "aws_internet_gateway",
      "name": "main",
      "provider": "provider[\"registry.terraform.io/hashicorp/aws\"].Ireland",
      "instances": [
        {
          "schema_version": 0,
          "attributes": {
            "arn": "arn:aws:ec2:eu-west-1:863435570010:internet-gateway/igw-0b1796e163d2251d7",
            "id": "igw-0b1796e163d2251d7",
            "owner_id": "863435570010",
            "tags": null,
            "tags_all": {},
            "timeouts": null,
            "vpc_id": "vpc-099be8c76f470f90d"
          },
          "sensitive_attributes": [],
          "identity_schema_version": 0,
          "private": "eyJlMmJmYjczMC1lY2FhLTExZTYtOGY4OC0zNDM2M2JjN2M0YzAiOnsiY3JlYXRlIjoxMjAwMDAwMDAwMDAwLCJkZWxldGUiOjEyMDAwMDAwMDAwMDAsInVwZGF0ZSI6MTIwMDAwMDAwMDAwMH19",
          "dependencies": [
            "module.vpc-irland.aws_vpc.main"
          ]
        }
      ]
    },
    {
      "module": "module.vpc-irland",
      "mode": "managed",
      "type": "aws_route_table",
      "name": "public",
      "provider": "provider[\"registry.terraform.io/hashicorp/aws\"].Ireland",
      "instances": [
        {
          "schema_version": 0,
          "attributes": {
            "arn": "arn:aws:ec2:eu-west-1:863435570010:route-table/rtb-0f3a8278ca57fd680",
            "id": "rtb-0f3a8278ca57fd680",
            "owner_id": "863435570010",
            "propagating_vgws": [],
            "route": [
              {
                "carrier_gateway_id": "",
                "cidr_block": "0.0.0.0/0",
                "core_network_arn": "",
                "destination_prefix_list_id": "",
                "egress_only_gateway_id": "",
                "gateway_id": "igw-0b1796e163d2251d7",
                "ipv6_cidr_block": "",
                "local_gateway_id": "",
                "nat_gateway_id": "",
                "network_interface_id": "",
                "transit_gateway_id": "",
                "vpc_endpoint_id": "",
                "vpc_peering_connection_id": ""
              }
            ],
            "tags": null,
            "tags_all": {},
            "timeouts": null,
            "vpc_id": "vpc-099be8c76f470f90d"
          },
          "sensitive_attributes": [],
          "identity_schema_version": 0,
          "private": "eyJlMmJmYjczMC1lY2FhLTExZTYtOGY4OC0zNDM2M2JjN2M0YzAiOnsiY3JlYXRlIjozMDAwMDAwMDAwMDAsImRlbGV0ZSI6MzAwMDAwMDAwMDAwLCJ1cGRhdGUiOjEyMDAwMDAwMDAwMH19",
          "dependencies": [
            "module.vpc-irland.aws_internet_gateway.main",
            "module.vpc-irland.aws_vpc.main"
          ]
        }
      ]
    },
    {
      "module": "module.vpc-irland",
      "mode": "managed",
      "type": "aws_route_table_association",
      "name": "public_assoc",
      "provider": "provider[\"registry.terraform.io/hashicorp/aws\"].Ireland",
      "instances": [
        {
          "schema_version": 0,
          "attributes": {
            "gateway_id": "",
            "id": "rtbassoc-07cc73b7657a8044d",
            "route_table_id": "rtb-0f3a8278ca57fd680",
            "subnet_id": "subnet-04b42d71525d383e3",
            "timeouts": null
          },
          "sensitive_attributes": [],
          "identity_schema_version": 0,
          "private": "eyJlMmJmYjczMC1lY2FhLTExZTYtOGY4OC0zNDM2M2JjN2M0YzAiOnsiY3JlYXRlIjozMDAwMDAwMDAwMDAsImRlbGV0ZSI6MzAwMDAwMDAwMDAwLCJ1cGRhdGUiOjEyMDAwMDAwMDAwMH19",
          "dependencies": [
            "module.vpc-irland.aws_internet_gateway.main",
            "module.vpc-irland.aws_route_table.public",
            "module.vpc-irland.aws_subnet.public_one",
            "module.vpc-irland.aws_vpc.main"
          ]
        }
      ]
    },
    {
      "module": "module.vpc-irland",
      "mode": "managed",
      "type": "aws_security_group",
      "name": "ecs_tasks",
      "provider": "provider[\"registry.terraform.io/hashicorp/aws\"].Ireland",
      "instances": [
        {
          "schema_version": 1,
          "attributes": {
            "arn": "arn:aws:ec2:eu-west-1:863435570010:security-group/sg-045063de3730da604",
            "description": "Allow outbound HTTPS for SNS and ECR",
            "egress": [
              {
                "cidr_blocks": [
                  "0.0.0.0/0"
                ],
                "description": "Required to talk to SNS, ECR, and CloudWatch",
                "from_port": 443,
                "ipv6_cidr_blocks": [],
                "prefix_list_ids": [],
                "protocol": "tcp",
                "security_groups": [],
                "self": false,
                "to_port": 443
              }
            ],
            "id": "sg-045063de3730da604",
            "ingress": [],
            "name": "ecs-task-sg",
            "name_prefix": "",
            "owner_id": "863435570010",
            "revoke_rules_on_delete": false,
            "tags": {
              "Name": "ecs-publisher-sg"
            },
            "tags_all": {
              "Name": "ecs-publisher-sg"
            },
            "timeouts": null,
            "vpc_id": "vpc-099be8c76f470f90d"
          },
          "sensitive_attributes": [],
          "identity_schema_version": 0,
          "private": "eyJlMmJmYjczMC1lY2FhLTExZTYtOGY4OC0zNDM2M2JjN2M0YzAiOnsiY3JlYXRlIjo2MDAwMDAwMDAwMDAsImRlbGV0ZSI6OTAwMDAwMDAwMDAwfSwic2NoZW1hX3ZlcnNpb24iOiIxIn0=",
          "dependencies": [
            "module.vpc-irland.aws_vpc.main"
          ]
        }
      ]
    },
    {
      "module": "module.vpc-irland",
      "mode": "managed",
      "type": "aws_subnet",
      "name": "public_one",
      "provider": "provider[\"registry.terraform.io/hashicorp/aws\"].Ireland",
      "instances": [
        {
          "schema_version": 1,
          "attributes": {
            "arn": "arn:aws:ec2:eu-west-1:863435570010:subnet/subnet-04b42d71525d383e3",
            "assign_ipv6_address_on_creation": false,
            "availability_zone": "eu-west-1c",
            "availability_zone_id": "euw1-az1",
            "cidr_block": "11.0.1.0/24",
            "customer_owned_ipv4_pool": "",
            "enable_dns64": false,
            "enable_lni_at_device_index": 0,
            "enable_resource_name_dns_a_record_on_launch": false,
            "enable_resource_name_dns_aaaa_record_on_launch": false,
            "id": "subnet-04b42d71525d383e3",
            "ipv6_cidr_block": "",
            "ipv6_cidr_block_association_id": "",
            "ipv6_native": false,
            "map_customer_owned_ip_on_launch": false,
            "map_public_ip_on_launch": true,
            "outpost_arn": "",
            "owner_id": "863435570010",
            "private_dns_hostname_type_on_launch": "ip-name",
            "tags": {
              "Name": "public-subnet-1a"
            },
            "tags_all": {
              "Name": "public-subnet-1a"
            },
            "timeouts": null,
            "vpc_id": "vpc-099be8c76f470f90d"
          },
          "sensitive_attributes": [],
          "identity_schema_version": 0,
          "private": "eyJlMmJmYjczMC1lY2FhLTExZTYtOGY4OC0zNDM2M2JjN2M0YzAiOnsiY3JlYXRlIjo2MDAwMDAwMDAwMDAsImRlbGV0ZSI6MTIwMDAwMDAwMDAwMH0sInNjaGVtYV92ZXJzaW9uIjoiMSJ9",
          "dependencies": [
            "module.vpc-irland.aws_vpc.main"
          ],
          "create_before_destroy": true
        }
      ]
    },
    {
      "module": "module.vpc-irland",
      "mode": "managed",
      "type": "aws_vpc",
      "name": "main",
      "provider": "provider[\"registry.terraform.io/hashicorp/aws\"].Ireland",
      "instances": [
        {
          "schema_version": 1,
          "attributes": {
            "arn": "arn:aws:ec2:eu-west-1:863435570010:vpc/vpc-099be8c76f470f90d",
            "assign_generated_ipv6_cidr_block": false,
            "cidr_block": "11.0.0.0/16",
            "default_network_acl_id": "acl-0afbc3b51edea14d4",
            "default_route_table_id": "rtb-0bd6233dad68c4d55",
            "default_security_group_id": "sg-0d062abb7f974dca7",
            "dhcp_options_id": "dopt-001b05d73014e4cf3",
            "enable_dns_hostnames": true,
            "enable_dns_support": true,
            "enable_network_address_usage_metrics": false,
            "id": "vpc-099be8c76f470f90d",
            "instance_tenancy": "default",
            "ipv4_ipam_pool_id": null,
            "ipv4_netmask_length": null,
            "ipv6_association_id": "",
            "ipv6_cidr_block": "",
            "ipv6_cidr_block_network_border_group": "",
            "ipv6_ipam_pool_id": "",
            "ipv6_netmask_length": 0,
            "main_route_table_id": "rtb-0bd6233dad68c4d55",
            "owner_id": "863435570010",
            "tags": {
              "Name": "main-vpc"
            },
            "tags_all": {
              "Name": "main-vpc"
            }
          },
          "sensitive_attributes": [],
          "identity_schema_version": 0,
          "private": "eyJzY2hlbWFfdmVyc2lvbiI6IjEifQ==",
          "create_before_destroy": true
        }
      ]
    },
    {
      "module": "module.vpc-us",
      "mode": "managed",
      "type": "aws_internet_gateway",
      "name": "main",
      "provider": "provider[\"registry.terraform.io/hashicorp/aws\"].US",
      "instances": [
        {
          "schema_version": 0,
          "attributes": {
            "arn": "arn:aws:ec2:us-east-1:863435570010:internet-gateway/igw-04f222abade610bdb",
            "id": "igw-04f222abade610bdb",
            "owner_id": "863435570010",
            "tags": null,
            "tags_all": {},
            "timeouts": null,
            "vpc_id": "vpc-0272354811acc4233"
          },
          "sensitive_attributes": [],
          "identity_schema_version": 0,
          "private": "eyJlMmJmYjczMC1lY2FhLTExZTYtOGY4OC0zNDM2M2JjN2M0YzAiOnsiY3JlYXRlIjoxMjAwMDAwMDAwMDAwLCJkZWxldGUiOjEyMDAwMDAwMDAwMDAsInVwZGF0ZSI6MTIwMDAwMDAwMDAwMH19",
          "dependencies": [
            "module.vpc-us.aws_vpc.main"
          ]
        }
      ]
    },
    {
      "module": "module.vpc-us",
      "mode": "managed",
      "type": "aws_route_table",
      "name": "public",
      "provider": "provider[\"registry.terraform.io/hashicorp/aws\"].US",
      "instances": [
        {
          "schema_version": 0,
          "attributes": {
            "arn": "arn:aws:ec2:us-east-1:863435570010:route-table/rtb-027ec6bc68a63ca51",
            "id": "rtb-027ec6bc68a63ca51",
            "owner_id": "863435570010",
            "propagating_vgws": [],
            "route": [
              {
                "carrier_gateway_id": "",
                "cidr_block": "0.0.0.0/0",
                "core_network_arn": "",
                "destination_prefix_list_id": "",
                "egress_only_gateway_id": "",
                "gateway_id": "igw-04f222abade610bdb",
                "ipv6_cidr_block": "",
                "local_gateway_id": "",
                "nat_gateway_id": "",
                "network_interface_id": "",
                "transit_gateway_id": "",
                "vpc_endpoint_id": "",
                "vpc_peering_connection_id": ""
              }
            ],
            "tags": null,
            "tags_all": {},
            "timeouts": null,
            "vpc_id": "vpc-0272354811acc4233"
          },
          "sensitive_attributes": [],
          "identity_schema_version": 0,
          "private": "eyJlMmJmYjczMC1lY2FhLTExZTYtOGY4OC0zNDM2M2JjN2M0YzAiOnsiY3JlYXRlIjozMDAwMDAwMDAwMDAsImRlbGV0ZSI6MzAwMDAwMDAwMDAwLCJ1cGRhdGUiOjEyMDAwMDAwMDAwMH19",
          "dependencies": [
            "module.vpc-us.aws_internet_gateway.main",
            "module.vpc-us.aws_vpc.main"
          ]
        }
      ]
    },
    {
      "module": "module.vpc-us",
      "mode": "managed",
      "type": "aws_route_table_association",
      "name": "public_assoc",
      "provider": "provider[\"registry.terraform.io/hashicorp/aws\"].US",
      "instances": [
        {
          "schema_version": 0,
          "attributes": {
            "gateway_id": "",
            "id": "rtbassoc-0d8872102b5fabf5e",
            "route_table_id": "rtb-027ec6bc68a63ca51",
            "subnet_id": "subnet-0c2eed56b30b172e7",
            "timeouts": null
          },
          "sensitive_attributes": [],
          "identity_schema_version": 0,
          "private": "eyJlMmJmYjczMC1lY2FhLTExZTYtOGY4OC0zNDM2M2JjN2M0YzAiOnsiY3JlYXRlIjozMDAwMDAwMDAwMDAsImRlbGV0ZSI6MzAwMDAwMDAwMDAwLCJ1cGRhdGUiOjEyMDAwMDAwMDAwMH19",
          "dependencies": [
            "module.vpc-us.aws_internet_gateway.main",
            "module.vpc-us.aws_route_table.public",
            "module.vpc-us.aws_subnet.public_one",
            "module.vpc-us.aws_vpc.main"
          ]
        }
      ]
    },
    {
      "module": "module.vpc-us",
      "mode": "managed",
      "type": "aws_security_group",
      "name": "ecs_tasks",
      "provider": "provider[\"registry.terraform.io/hashicorp/aws\"].US",
      "instances": [
        {
          "schema_version": 1,
          "attributes": {
            "arn": "arn:aws:ec2:us-east-1:863435570010:security-group/sg-0a7125bbd4568eca7",
            "description": "Allow outbound HTTPS for SNS and ECR",
            "egress": [
              {
                "cidr_blocks": [
                  "0.0.0.0/0"
                ],
                "description": "Required to talk to SNS, ECR, and CloudWatch",
                "from_port": 443,
                "ipv6_cidr_blocks": [],
                "prefix_list_ids": [],
                "protocol": "tcp",
                "security_groups": [],
                "self": false,
                "to_port": 443
              }
            ],
            "id": "sg-0a7125bbd4568eca7",
            "ingress": [],
            "name": "ecs-task-sg",
            "name_prefix": "",
            "owner_id": "863435570010",
            "revoke_rules_on_delete": false,
            "tags": {
              "Name": "ecs-publisher-sg"
            },
            "tags_all": {
              "Name": "ecs-publisher-sg"
            },
            "timeouts": null,
            "vpc_id": "vpc-0272354811acc4233"
          },
          "sensitive_attributes": [],
          "identity_schema_version": 0,
          "private": "eyJlMmJmYjczMC1lY2FhLTExZTYtOGY4OC0zNDM2M2JjN2M0YzAiOnsiY3JlYXRlIjo2MDAwMDAwMDAwMDAsImRlbGV0ZSI6OTAwMDAwMDAwMDAwfSwic2NoZW1hX3ZlcnNpb24iOiIxIn0=",
          "dependencies": [
            "module.vpc-us.aws_vpc.main"
          ]
        }
      ]
    },
    {
      "module": "module.vpc-us",
      "mode": "managed",
      "type": "aws_subnet",
      "name": "public_one",
      "provider": "provider[\"registry.terraform.io/hashicorp/aws\"].US",
      "instances": [
        {
          "schema_version": 1,
          "attributes": {
            "arn": "arn:aws:ec2:us-east-1:863435570010:subnet/subnet-0c2eed56b30b172e7",
            "assign_ipv6_address_on_creation": false,
            "availability_zone": "us-east-1c",
            "availability_zone_id": "use1-az4",
            "cidr_block": "12.0.1.0/24",
            "customer_owned_ipv4_pool": "",
            "enable_dns64": false,
            "enable_lni_at_device_index": 0,
            "enable_resource_name_dns_a_record_on_launch": false,
            "enable_resource_name_dns_aaaa_record_on_launch": false,
            "id": "subnet-0c2eed56b30b172e7",
            "ipv6_cidr_block": "",
            "ipv6_cidr_block_association_id": "",
            "ipv6_native": false,
            "map_customer_owned_ip_on_launch": false,
            "map_public_ip_on_launch": true,
            "outpost_arn": "",
            "owner_id": "863435570010",
            "private_dns_hostname_type_on_launch": "ip-name",
            "tags": {
              "Name": "public-subnet-1a"
            },
            "tags_all": {
              "Name": "public-subnet-1a"
            },
            "timeouts": null,
            "vpc_id": "vpc-0272354811acc4233"
          },
          "sensitive_attributes": [],
          "identity_schema_version": 0,
          "private": "eyJlMmJmYjczMC1lY2FhLTExZTYtOGY4OC0zNDM2M2JjN2M0YzAiOnsiY3JlYXRlIjo2MDAwMDAwMDAwMDAsImRlbGV0ZSI6MTIwMDAwMDAwMDAwMH0sInNjaGVtYV92ZXJzaW9uIjoiMSJ9",
          "dependencies": [
            "module.vpc-us.aws_vpc.main"
          ],
          "create_before_destroy": true
        }
      ]
    },
    {
      "module": "module.vpc-us",
      "mode": "managed",
      "type": "aws_vpc",
      "name": "main",
      "provider": "provider[\"registry.terraform.io/hashicorp/aws\"].US",
      "instances": [
        {
          "schema_version": 1,
          "attributes": {
            "arn": "arn:aws:ec2:us-east-1:863435570010:vpc/vpc-0272354811acc4233",
            "assign_generated_ipv6_cidr_block": false,
            "cidr_block": "12.0.0.0/16",
            "default_network_acl_id": "acl-02f1dac295f10f89e",
            "default_route_table_id": "rtb-0af98a81689411616",
            "default_security_group_id": "sg-0597442c35d53ccf1",
            "dhcp_options_id": "dopt-01b9bc95f096470c0",
            "enable_dns_hostnames": true,
            "enable_dns_support": true,
            "enable_network_address_usage_metrics": false,
            "id": "vpc-0272354811acc4233",
            "instance_tenancy": "default",
            "ipv4_ipam_pool_id": null,
            "ipv4_netmask_length": null,
            "ipv6_association_id": "",
            "ipv6_cidr_block": "",
            "ipv6_cidr_block_network_border_group": "",
            "ipv6_ipam_pool_id": "",
            "ipv6_netmask_length": 0,
            "main_route_table_id": "rtb-0af98a81689411616",
            "owner_id": "863435570010",
            "tags": {
              "Name": "main-vpc"
            },
            "tags_all": {
              "Name": "main-vpc"
            }
          },
          "sensitive_attributes": [],
          "identity_schema_version": 0,
          "private": "eyJzY2hlbWFfdmVyc2lvbiI6IjEifQ==",
          "create_before_destroy": true
        }
      ]
    }
  ],
  "check_results": null
}
